// !$*UTF8*$!
{
	archiveVersion = 1;
	classes = {
	};
	objectVersion = 50;
	objects = {

/* Begin PBXBuildFile section */
		34124E0324A4926B00B46D47 /* TimeLogSuggestionsHeader.xib in Resources */ = {isa = PBXBuildFile; fileRef = 34124E0224A4926B00B46D47 /* TimeLogSuggestionsHeader.xib */; };
		34124E0724A4DE5C00B46D47 /* TimeLogSuggestionsFooter.xib in Resources */ = {isa = PBXBuildFile; fileRef = 34124E0624A4DE5C00B46D47 /* TimeLogSuggestionsFooter.xib */; };
		34124E0B24A4E48C00B46D47 /* TimeLogDayHeader.xib in Resources */ = {isa = PBXBuildFile; fileRef = 34124E0A24A4E48C00B46D47 /* TimeLogDayHeader.xib */; };
		348DE15C248E31DC00A9D537 /* AssetsTests.swift in Sources */ = {isa = PBXBuildFile; fileRef = 348DE15B248E31DC00A9D537 /* AssetsTests.swift */; };
		348DE15E248E31DC00A9D537 /* Assets.framework in Frameworks */ = {isa = PBXBuildFile; fileRef = 8C25169B2403C19D00BAD4B5 /* Assets.framework */; };
		348DE164248E323F00A9D537 /* ColorsTests.swift in Sources */ = {isa = PBXBuildFile; fileRef = 348DE153248E313600A9D537 /* ColorsTests.swift */; };
		8C0B54C624508E400078E250 /* Database.xcdatamodeld in Resources */ = {isa = PBXBuildFile; fileRef = 8C0B54C524508E0F0078E250 /* Database.xcdatamodeld */; };
		8C2516AC2403C19D00BAD4B5 /* Assets.h in Headers */ = {isa = PBXBuildFile; fileRef = 8C25169E2403C19D00BAD4B5 /* Assets.h */; settings = {ATTRIBUTES = (Public, ); }; };
		8C2517BF2403C2CA00BAD4B5 /* workspaces.txt in Resources */ = {isa = PBXBuildFile; fileRef = 8C2517B82403C2CA00BAD4B5 /* workspaces.txt */; };
		8C2517C02403C2CA00BAD4B5 /* me.txt in Resources */ = {isa = PBXBuildFile; fileRef = 8C2517B92403C2CA00BAD4B5 /* me.txt */; };
		8C2517C12403C2CA00BAD4B5 /* projects.txt in Resources */ = {isa = PBXBuildFile; fileRef = 8C2517BA2403C2CA00BAD4B5 /* projects.txt */; };
		8C2517C22403C2CA00BAD4B5 /* clients.txt in Resources */ = {isa = PBXBuildFile; fileRef = 8C2517BB2403C2CA00BAD4B5 /* clients.txt */; };
		8C2517C32403C2CA00BAD4B5 /* timeentries.txt in Resources */ = {isa = PBXBuildFile; fileRef = 8C2517BC2403C2CA00BAD4B5 /* timeentries.txt */; };
		8C2517C42403C2CA00BAD4B5 /* tags.txt in Resources */ = {isa = PBXBuildFile; fileRef = 8C2517BD2403C2CA00BAD4B5 /* tags.txt */; };
		8C2517C52403C2CA00BAD4B5 /* Assets.swift in Sources */ = {isa = PBXBuildFile; fileRef = 8C2517BE2403C2CA00BAD4B5 /* Assets.swift */; };
		8CB5452E240E49C300154473 /* tasks.txt in Resources */ = {isa = PBXBuildFile; fileRef = 8CB5452D240E49C300154473 /* tasks.txt */; };
		8CFDB37F247C0E1F00952533 /* Calendar.storyboard in Resources */ = {isa = PBXBuildFile; fileRef = 8CFDB37E247C0E1F00952533 /* Calendar.storyboard */; };
		B42EB0B4246D8DF20036F707 /* Images.xcassets in Resources */ = {isa = PBXBuildFile; fileRef = B42EB0B3246D8DF20036F707 /* Images.xcassets */; };
		B42EB0B6246D8ECB0036F707 /* Images.swift in Sources */ = {isa = PBXBuildFile; fileRef = B42EB0B5246D8ECB0036F707 /* Images.swift */; };
		B42EB0B9246D90DD0036F707 /* Colors.xcassets in Resources */ = {isa = PBXBuildFile; fileRef = B42EB0B8246D90DD0036F707 /* Colors.xcassets */; };
		B42EB0BB246D921B0036F707 /* Colors.swift in Sources */ = {isa = PBXBuildFile; fileRef = B42EB0BA246D921B0036F707 /* Colors.swift */; };
		B448913124852DD200D144B4 /* CalendarItemCollectionViewCell.xib in Resources */ = {isa = PBXBuildFile; fileRef = B448913024852DD200D144B4 /* CalendarItemCollectionViewCell.xib */; };
		B47397DB248FDAF100DA8620 /* HourIndicatorSupplementaryView.xib in Resources */ = {isa = PBXBuildFile; fileRef = B47397DA248FDAF100DA8620 /* HourIndicatorSupplementaryView.xib */; };
		B47397E3248FEE3000DA8620 /* EditingHourIndicatorSupplementaryView.xib in Resources */ = {isa = PBXBuildFile; fileRef = B47397E2248FEE3000DA8620 /* EditingHourIndicatorSupplementaryView.xib */; };
		B47397E7248FF0A800DA8620 /* CurrentTimeSupplementaryView.xib in Resources */ = {isa = PBXBuildFile; fileRef = B47397E6248FF0A800DA8620 /* CurrentTimeSupplementaryView.xib */; };
		CC817231247582BA004F1152 /* XIBLocalizablePlaceholder.swift in Sources */ = {isa = PBXBuildFile; fileRef = CC817230247582BA004F1152 /* XIBLocalizablePlaceholder.swift */; };
		CCAC4BAF24744D5100F9E3A3 /* Localizable.strings in Resources */ = {isa = PBXBuildFile; fileRef = CCAC4BA524743D8200F9E3A3 /* Localizable.strings */; };
		CCAC4BB024744D5300F9E3A3 /* Localizable.stringsdict in Resources */ = {isa = PBXBuildFile; fileRef = CCAC4BA324743D8200F9E3A3 /* Localizable.stringsdict */; };
		CCBD697B247421BC00182A15 /* Strings.swift in Sources */ = {isa = PBXBuildFile; fileRef = CCBD697A247421BC00182A15 /* Strings.swift */; };
		CCBD697F2474257200182A15 /* Timer.storyboard in Resources */ = {isa = PBXBuildFile; fileRef = CCBD69812474257200182A15 /* Timer.storyboard */; };
		CCBD69882474259A00182A15 /* Onboarding.storyboard in Resources */ = {isa = PBXBuildFile; fileRef = CCBD698A2474259A00182A15 /* Onboarding.storyboard */; };
		CCBD6991247425A800182A15 /* Project.storyboard in Resources */ = {isa = PBXBuildFile; fileRef = CCBD6993247425A800182A15 /* Project.storyboard */; };
		CCBD699B24742BB300182A15 /* Localizable.swift in Sources */ = {isa = PBXBuildFile; fileRef = CCBD699A24742BB300182A15 /* Localizable.swift */; };
		CCBD699E24742C0900182A15 /* XIBLocalizableText.swift in Sources */ = {isa = PBXBuildFile; fileRef = CCBD699D24742C0900182A15 /* XIBLocalizableText.swift */; };
/* End PBXBuildFile section */

/* Begin PBXContainerItemProxy section */
		348DE15F248E31DC00A9D537 /* PBXContainerItemProxy */ = {
			isa = PBXContainerItemProxy;
			containerPortal = 8C2516922403C19D00BAD4B5 /* Project object */;
			proxyType = 1;
			remoteGlobalIDString = 8C25169A2403C19D00BAD4B5;
			remoteInfo = Assets;
		};
/* End PBXContainerItemProxy section */

/* Begin PBXFileReference section */
		34124E0224A4926B00B46D47 /* TimeLogSuggestionsHeader.xib */ = {isa = PBXFileReference; lastKnownFileType = file.xib; path = TimeLogSuggestionsHeader.xib; sourceTree = "<group>"; };
		34124E0624A4DE5C00B46D47 /* TimeLogSuggestionsFooter.xib */ = {isa = PBXFileReference; lastKnownFileType = file.xib; path = TimeLogSuggestionsFooter.xib; sourceTree = "<group>"; };
		34124E0A24A4E48C00B46D47 /* TimeLogDayHeader.xib */ = {isa = PBXFileReference; lastKnownFileType = file.xib; path = TimeLogDayHeader.xib; sourceTree = "<group>"; };
		348DE153248E313600A9D537 /* ColorsTests.swift */ = {isa = PBXFileReference; lastKnownFileType = sourcecode.swift; path = ColorsTests.swift; sourceTree = "<group>"; };
		348DE159248E31DC00A9D537 /* AssetsTests.xctest */ = {isa = PBXFileReference; explicitFileType = wrapper.cfbundle; includeInIndex = 0; path = AssetsTests.xctest; sourceTree = BUILT_PRODUCTS_DIR; };
		348DE15B248E31DC00A9D537 /* AssetsTests.swift */ = {isa = PBXFileReference; lastKnownFileType = sourcecode.swift; path = AssetsTests.swift; sourceTree = "<group>"; };
		348DE15D248E31DC00A9D537 /* Info.plist */ = {isa = PBXFileReference; lastKnownFileType = text.plist.xml; path = Info.plist; sourceTree = "<group>"; };
		8C0B54C424508E0F0078E250 /* Database.xcdatamodel */ = {isa = PBXFileReference; lastKnownFileType = wrapper.xcdatamodel; path = Database.xcdatamodel; sourceTree = "<group>"; };
		8C25169B2403C19D00BAD4B5 /* Assets.framework */ = {isa = PBXFileReference; explicitFileType = wrapper.framework; includeInIndex = 0; path = Assets.framework; sourceTree = BUILT_PRODUCTS_DIR; };
		8C25169E2403C19D00BAD4B5 /* Assets.h */ = {isa = PBXFileReference; lastKnownFileType = sourcecode.c.h; path = Assets.h; sourceTree = "<group>"; };
		8C25169F2403C19D00BAD4B5 /* Info.plist */ = {isa = PBXFileReference; lastKnownFileType = text.plist.xml; path = Info.plist; sourceTree = "<group>"; };
		8C2517B82403C2CA00BAD4B5 /* workspaces.txt */ = {isa = PBXFileReference; fileEncoding = 4; lastKnownFileType = text; path = workspaces.txt; sourceTree = "<group>"; };
		8C2517B92403C2CA00BAD4B5 /* me.txt */ = {isa = PBXFileReference; fileEncoding = 4; lastKnownFileType = text; path = me.txt; sourceTree = "<group>"; };
		8C2517BA2403C2CA00BAD4B5 /* projects.txt */ = {isa = PBXFileReference; fileEncoding = 4; lastKnownFileType = text; path = projects.txt; sourceTree = "<group>"; };
		8C2517BB2403C2CA00BAD4B5 /* clients.txt */ = {isa = PBXFileReference; fileEncoding = 4; lastKnownFileType = text; path = clients.txt; sourceTree = "<group>"; };
		8C2517BC2403C2CA00BAD4B5 /* timeentries.txt */ = {isa = PBXFileReference; fileEncoding = 4; lastKnownFileType = text; path = timeentries.txt; sourceTree = "<group>"; };
		8C2517BD2403C2CA00BAD4B5 /* tags.txt */ = {isa = PBXFileReference; fileEncoding = 4; lastKnownFileType = text; path = tags.txt; sourceTree = "<group>"; };
		8C2517BE2403C2CA00BAD4B5 /* Assets.swift */ = {isa = PBXFileReference; fileEncoding = 4; lastKnownFileType = sourcecode.swift; path = Assets.swift; sourceTree = "<group>"; };
		8CAF7A9224580C0C006B961D /* Assets.debug.xcconfig */ = {isa = PBXFileReference; fileEncoding = 4; lastKnownFileType = text.xcconfig; path = Assets.debug.xcconfig; sourceTree = "<group>"; };
		8CAF7A9324580C0C006B961D /* AssetsTests.release.xcconfig */ = {isa = PBXFileReference; fileEncoding = 4; lastKnownFileType = text.xcconfig; path = AssetsTests.release.xcconfig; sourceTree = "<group>"; };
		8CAF7A9424580C0C006B961D /* AssetsTests-Shared.xcconfig */ = {isa = PBXFileReference; fileEncoding = 4; lastKnownFileType = text.xcconfig; path = "AssetsTests-Shared.xcconfig"; sourceTree = "<group>"; };
		8CAF7A9524580C0C006B961D /* Project.release.xcconfig */ = {isa = PBXFileReference; fileEncoding = 4; lastKnownFileType = text.xcconfig; path = Project.release.xcconfig; sourceTree = "<group>"; };
		8CAF7A9724580C0C006B961D /* Assets-Shared.xcconfig */ = {isa = PBXFileReference; fileEncoding = 4; lastKnownFileType = text.xcconfig; path = "Assets-Shared.xcconfig"; sourceTree = "<group>"; };
		8CAF7A9824580C0C006B961D /* AssetsTests.debug.xcconfig */ = {isa = PBXFileReference; fileEncoding = 4; lastKnownFileType = text.xcconfig; path = AssetsTests.debug.xcconfig; sourceTree = "<group>"; };
		8CAF7A9924580C0C006B961D /* Assets.release.xcconfig */ = {isa = PBXFileReference; fileEncoding = 4; lastKnownFileType = text.xcconfig; path = Assets.release.xcconfig; sourceTree = "<group>"; };
		8CAF7A9A24580C0C006B961D /* Project.debug.xcconfig */ = {isa = PBXFileReference; fileEncoding = 4; lastKnownFileType = text.xcconfig; path = Project.debug.xcconfig; sourceTree = "<group>"; };
		8CB5452D240E49C300154473 /* tasks.txt */ = {isa = PBXFileReference; lastKnownFileType = text; path = tasks.txt; sourceTree = "<group>"; };
		8CFDB37E247C0E1F00952533 /* Calendar.storyboard */ = {isa = PBXFileReference; lastKnownFileType = file.storyboard; path = Calendar.storyboard; sourceTree = "<group>"; };
		B42EB0B3246D8DF20036F707 /* Images.xcassets */ = {isa = PBXFileReference; lastKnownFileType = folder.assetcatalog; path = Images.xcassets; sourceTree = "<group>"; };
		B42EB0B5246D8ECB0036F707 /* Images.swift */ = {isa = PBXFileReference; lastKnownFileType = sourcecode.swift; path = Images.swift; sourceTree = "<group>"; };
		B42EB0B8246D90DD0036F707 /* Colors.xcassets */ = {isa = PBXFileReference; lastKnownFileType = folder.assetcatalog; path = Colors.xcassets; sourceTree = "<group>"; };
		B42EB0BA246D921B0036F707 /* Colors.swift */ = {isa = PBXFileReference; lastKnownFileType = sourcecode.swift; path = Colors.swift; sourceTree = "<group>"; };
		B448913024852DD200D144B4 /* CalendarItemCollectionViewCell.xib */ = {isa = PBXFileReference; lastKnownFileType = file.xib; path = CalendarItemCollectionViewCell.xib; sourceTree = "<group>"; };
		B47397DA248FDAF100DA8620 /* HourIndicatorSupplementaryView.xib */ = {isa = PBXFileReference; lastKnownFileType = file.xib; path = HourIndicatorSupplementaryView.xib; sourceTree = "<group>"; };
		B47397E2248FEE3000DA8620 /* EditingHourIndicatorSupplementaryView.xib */ = {isa = PBXFileReference; lastKnownFileType = file.xib; path = EditingHourIndicatorSupplementaryView.xib; sourceTree = "<group>"; };
		B47397E6248FF0A800DA8620 /* CurrentTimeSupplementaryView.xib */ = {isa = PBXFileReference; lastKnownFileType = file.xib; path = CurrentTimeSupplementaryView.xib; sourceTree = "<group>"; };
		CC817230247582BA004F1152 /* XIBLocalizablePlaceholder.swift */ = {isa = PBXFileReference; lastKnownFileType = sourcecode.swift; path = XIBLocalizablePlaceholder.swift; sourceTree = "<group>"; };
		CCAC4BA424743D8200F9E3A3 /* Base */ = {isa = PBXFileReference; lastKnownFileType = text.plist.stringsdict; name = Base; path = Base.lproj/Localizable.stringsdict; sourceTree = "<group>"; };
		CCAC4BA624743D8200F9E3A3 /* Base */ = {isa = PBXFileReference; lastKnownFileType = text.plist.strings; name = Base; path = Base.lproj/Localizable.strings; sourceTree = "<group>"; };
		CCAC4BA724743D8B00F9E3A3 /* en */ = {isa = PBXFileReference; lastKnownFileType = text.plist.strings; name = en; path = en.lproj/Localizable.strings; sourceTree = "<group>"; };
		CCAC4BA824743D8E00F9E3A3 /* fr */ = {isa = PBXFileReference; lastKnownFileType = text.plist.strings; name = fr; path = fr.lproj/Localizable.strings; sourceTree = "<group>"; };
		CCAC4BA924743D9000F9E3A3 /* ja */ = {isa = PBXFileReference; lastKnownFileType = text.plist.strings; name = ja; path = ja.lproj/Localizable.strings; sourceTree = "<group>"; };
		CCAC4BAA24743D9200F9E3A3 /* pt-BR */ = {isa = PBXFileReference; lastKnownFileType = text.plist.strings; name = "pt-BR"; path = "pt-BR.lproj/Localizable.strings"; sourceTree = "<group>"; };
		CCAC4BAB24743DA900F9E3A3 /* en */ = {isa = PBXFileReference; lastKnownFileType = text.plist.stringsdict; name = en; path = en.lproj/Localizable.stringsdict; sourceTree = "<group>"; };
		CCAC4BAC24743DAC00F9E3A3 /* fr */ = {isa = PBXFileReference; lastKnownFileType = text.plist.stringsdict; name = fr; path = fr.lproj/Localizable.stringsdict; sourceTree = "<group>"; };
		CCAC4BAD24743DAE00F9E3A3 /* ja */ = {isa = PBXFileReference; lastKnownFileType = text.plist.stringsdict; name = ja; path = ja.lproj/Localizable.stringsdict; sourceTree = "<group>"; };
		CCAC4BAE24743DB000F9E3A3 /* pt-BR */ = {isa = PBXFileReference; lastKnownFileType = text.plist.stringsdict; name = "pt-BR"; path = "pt-BR.lproj/Localizable.stringsdict"; sourceTree = "<group>"; };
		CCBD697A247421BC00182A15 /* Strings.swift */ = {isa = PBXFileReference; lastKnownFileType = sourcecode.swift; path = Strings.swift; sourceTree = "<group>"; };
		CCBD69802474257200182A15 /* Base */ = {isa = PBXFileReference; lastKnownFileType = file.storyboard; name = Base; path = Base.lproj/Timer.storyboard; sourceTree = "<group>"; };
		CCBD69892474259A00182A15 /* Base */ = {isa = PBXFileReference; lastKnownFileType = file.storyboard; name = Base; path = Base.lproj/Onboarding.storyboard; sourceTree = "<group>"; };
		CCBD6992247425A800182A15 /* Base */ = {isa = PBXFileReference; lastKnownFileType = file.storyboard; name = Base; path = Base.lproj/Project.storyboard; sourceTree = "<group>"; };
		CCBD699A24742BB300182A15 /* Localizable.swift */ = {isa = PBXFileReference; lastKnownFileType = sourcecode.swift; path = Localizable.swift; sourceTree = "<group>"; };
		CCBD699D24742C0900182A15 /* XIBLocalizableText.swift */ = {isa = PBXFileReference; lastKnownFileType = sourcecode.swift; path = XIBLocalizableText.swift; sourceTree = "<group>"; };
/* End PBXFileReference section */

/* Begin PBXFrameworksBuildPhase section */
		348DE156248E31DC00A9D537 /* Frameworks */ = {
			isa = PBXFrameworksBuildPhase;
			buildActionMask = 2147483647;
			files = (
				348DE15E248E31DC00A9D537 /* Assets.framework in Frameworks */,
			);
			runOnlyForDeploymentPostprocessing = 0;
		};
		8C2516982403C19D00BAD4B5 /* Frameworks */ = {
			isa = PBXFrameworksBuildPhase;
			buildActionMask = 2147483647;
			files = (
			);
			runOnlyForDeploymentPostprocessing = 0;
		};
/* End PBXFrameworksBuildPhase section */

/* Begin PBXGroup section */
		348DE15A248E31DC00A9D537 /* AssetsTests */ = {
			isa = PBXGroup;
			children = (
				348DE15B248E31DC00A9D537 /* AssetsTests.swift */,
				348DE153248E313600A9D537 /* ColorsTests.swift */,
				348DE15D248E31DC00A9D537 /* Info.plist */,
			);
			path = AssetsTests;
			sourceTree = "<group>";
		};
		8C2516912403C19D00BAD4B5 = {
			isa = PBXGroup;
			children = (
				8CAF7A9124580C0C006B961D /* Configurations */,
				8C25169D2403C19D00BAD4B5 /* Assets */,
				348DE15A248E31DC00A9D537 /* AssetsTests */,
				8C25169C2403C19D00BAD4B5 /* Products */,
			);
			sourceTree = "<group>";
		};
		8C25169C2403C19D00BAD4B5 /* Products */ = {
			isa = PBXGroup;
			children = (
				8C25169B2403C19D00BAD4B5 /* Assets.framework */,
				348DE159248E31DC00A9D537 /* AssetsTests.xctest */,
			);
			name = Products;
			sourceTree = "<group>";
		};
		8C25169D2403C19D00BAD4B5 /* Assets */ = {
			isa = PBXGroup;
			children = (
				CCAC4BA524743D8200F9E3A3 /* Localizable.strings */,
				CCAC4BA324743D8200F9E3A3 /* Localizable.stringsdict */,
				8C0B54C524508E0F0078E250 /* Database.xcdatamodeld */,
				8C2517BE2403C2CA00BAD4B5 /* Assets.swift */,
				B42EB0B7246D8ED50036F707 /* Extensions */,
				CCBD699C24742BF800182A15 /* Localization */,
				8C2517C62403C2EF00BAD4B5 /* Storyboards */,
				B448912F24852DBC00D144B4 /* Cells */,
				8C2517B72403C2CA00BAD4B5 /* TextFiles */,
				B42EB0B3246D8DF20036F707 /* Images.xcassets */,
				B42EB0B8246D90DD0036F707 /* Colors.xcassets */,
				8C25169E2403C19D00BAD4B5 /* Assets.h */,
				8C25169F2403C19D00BAD4B5 /* Info.plist */,
			);
			path = Assets;
			sourceTree = "<group>";
		};
		8C2517B72403C2CA00BAD4B5 /* TextFiles */ = {
			isa = PBXGroup;
			children = (
				8C2517B82403C2CA00BAD4B5 /* workspaces.txt */,
				8C2517B92403C2CA00BAD4B5 /* me.txt */,
				8C2517BA2403C2CA00BAD4B5 /* projects.txt */,
				8C2517BB2403C2CA00BAD4B5 /* clients.txt */,
				8C2517BC2403C2CA00BAD4B5 /* timeentries.txt */,
				8C2517BD2403C2CA00BAD4B5 /* tags.txt */,
				8CB5452D240E49C300154473 /* tasks.txt */,
			);
			path = TextFiles;
			sourceTree = "<group>";
		};
		8C2517C62403C2EF00BAD4B5 /* Storyboards */ = {
			isa = PBXGroup;
			children = (
				CCBD698A2474259A00182A15 /* Onboarding.storyboard */,
				CCBD69812474257200182A15 /* Timer.storyboard */,
				CCBD6993247425A800182A15 /* Project.storyboard */,
				8CFDB37E247C0E1F00952533 /* Calendar.storyboard */,
			);
			path = Storyboards;
			sourceTree = "<group>";
		};
		8CAF7A9124580C0C006B961D /* Configurations */ = {
			isa = PBXGroup;
			children = (
				8CAF7A9724580C0C006B961D /* Assets-Shared.xcconfig */,
				8CAF7A9224580C0C006B961D /* Assets.debug.xcconfig */,
				8CAF7A9924580C0C006B961D /* Assets.release.xcconfig */,
				8CAF7A9424580C0C006B961D /* AssetsTests-Shared.xcconfig */,
				8CAF7A9824580C0C006B961D /* AssetsTests.debug.xcconfig */,
				8CAF7A9324580C0C006B961D /* AssetsTests.release.xcconfig */,
				8CAF7A9A24580C0C006B961D /* Project.debug.xcconfig */,
				8CAF7A9524580C0C006B961D /* Project.release.xcconfig */,
			);
			path = Configurations;
			sourceTree = "<group>";
		};
		B42EB0B7246D8ED50036F707 /* Extensions */ = {
			isa = PBXGroup;
			children = (
				B42EB0B5246D8ECB0036F707 /* Images.swift */,
				B42EB0BA246D921B0036F707 /* Colors.swift */,
				CCBD697A247421BC00182A15 /* Strings.swift */,
			);
			path = Extensions;
			sourceTree = "<group>";
		};
		B448912F24852DBC00D144B4 /* Cells */ = {
			isa = PBXGroup;
			children = (
				B448913024852DD200D144B4 /* CalendarItemCollectionViewCell.xib */,
				B47397DA248FDAF100DA8620 /* HourIndicatorSupplementaryView.xib */,
				B47397E2248FEE3000DA8620 /* EditingHourIndicatorSupplementaryView.xib */,
				B47397E6248FF0A800DA8620 /* CurrentTimeSupplementaryView.xib */,
				34124E0224A4926B00B46D47 /* TimeLogSuggestionsHeader.xib */,
				34124E0624A4DE5C00B46D47 /* TimeLogSuggestionsFooter.xib */,
				34124E0A24A4E48C00B46D47 /* TimeLogDayHeader.xib */,
			);
			path = Cells;
			sourceTree = "<group>";
		};
		CCBD699C24742BF800182A15 /* Localization */ = {
			isa = PBXGroup;
			children = (
				CCBD699A24742BB300182A15 /* Localizable.swift */,
				CCBD699D24742C0900182A15 /* XIBLocalizableText.swift */,
				CC817230247582BA004F1152 /* XIBLocalizablePlaceholder.swift */,
			);
			path = Localization;
			sourceTree = "<group>";
		};
/* End PBXGroup section */

/* Begin PBXHeadersBuildPhase section */
		8C2516962403C19D00BAD4B5 /* Headers */ = {
			isa = PBXHeadersBuildPhase;
			buildActionMask = 2147483647;
			files = (
				8C2516AC2403C19D00BAD4B5 /* Assets.h in Headers */,
			);
			runOnlyForDeploymentPostprocessing = 0;
		};
/* End PBXHeadersBuildPhase section */

/* Begin PBXNativeTarget section */
		348DE158248E31DC00A9D537 /* AssetsTests */ = {
			isa = PBXNativeTarget;
			buildConfigurationList = 348DE161248E31DC00A9D537 /* Build configuration list for PBXNativeTarget "AssetsTests" */;
			buildPhases = (
				348DE155248E31DC00A9D537 /* Sources */,
				348DE156248E31DC00A9D537 /* Frameworks */,
				348DE157248E31DC00A9D537 /* Resources */,
			);
			buildRules = (
			);
			dependencies = (
				348DE160248E31DC00A9D537 /* PBXTargetDependency */,
			);
			name = AssetsTests;
			productName = AssetsTests;
			productReference = 348DE159248E31DC00A9D537 /* AssetsTests.xctest */;
			productType = "com.apple.product-type.bundle.unit-test";
		};
		8C25169A2403C19D00BAD4B5 /* Assets */ = {
			isa = PBXNativeTarget;
			buildConfigurationList = 8C2516AF2403C19D00BAD4B5 /* Build configuration list for PBXNativeTarget "Assets" */;
			buildPhases = (
				8C2516962403C19D00BAD4B5 /* Headers */,
				8C2516972403C19D00BAD4B5 /* Sources */,
				8C2516982403C19D00BAD4B5 /* Frameworks */,
				8C2516992403C19D00BAD4B5 /* Resources */,
			);
			buildRules = (
			);
			dependencies = (
			);
			name = Assets;
			productName = Assets;
			productReference = 8C25169B2403C19D00BAD4B5 /* Assets.framework */;
			productType = "com.apple.product-type.framework";
		};
/* End PBXNativeTarget section */

/* Begin PBXProject section */
		8C2516922403C19D00BAD4B5 /* Project object */ = {
			isa = PBXProject;
			attributes = {
				LastSwiftUpdateCheck = 1140;
				LastUpgradeCheck = 1130;
				ORGANIZATIONNAME = Toggl;
				TargetAttributes = {
					348DE158248E31DC00A9D537 = {
						CreatedOnToolsVersion = 11.4.1;
					};
					8C25169A2403C19D00BAD4B5 = {
						CreatedOnToolsVersion = 11.3.1;
						LastSwiftMigration = 1130;
					};
				};
			};
			buildConfigurationList = 8C2516952403C19D00BAD4B5 /* Build configuration list for PBXProject "Assets" */;
			compatibilityVersion = "Xcode 9.3";
			developmentRegion = en;
			hasScannedForEncodings = 0;
			knownRegions = (
				en,
				Base,
				"pt-BR",
				fr,
				ja,
			);
			mainGroup = 8C2516912403C19D00BAD4B5;
			productRefGroup = 8C25169C2403C19D00BAD4B5 /* Products */;
			projectDirPath = "";
			projectRoot = "";
			targets = (
				8C25169A2403C19D00BAD4B5 /* Assets */,
				348DE158248E31DC00A9D537 /* AssetsTests */,
			);
		};
/* End PBXProject section */

/* Begin PBXResourcesBuildPhase section */
		348DE157248E31DC00A9D537 /* Resources */ = {
			isa = PBXResourcesBuildPhase;
			buildActionMask = 2147483647;
			files = (
			);
			runOnlyForDeploymentPostprocessing = 0;
		};
		8C2516992403C19D00BAD4B5 /* Resources */ = {
			isa = PBXResourcesBuildPhase;
			buildActionMask = 2147483647;
			files = (
				8C0B54C624508E400078E250 /* Database.xcdatamodeld in Resources */,
				CCBD697F2474257200182A15 /* Timer.storyboard in Resources */,
				B47397E7248FF0A800DA8620 /* CurrentTimeSupplementaryView.xib in Resources */,
				B42EB0B9246D90DD0036F707 /* Colors.xcassets in Resources */,
				CCAC4BAF24744D5100F9E3A3 /* Localizable.strings in Resources */,
				8CFDB37F247C0E1F00952533 /* Calendar.storyboard in Resources */,
				34124E0724A4DE5C00B46D47 /* TimeLogSuggestionsFooter.xib in Resources */,
				8C2517C32403C2CA00BAD4B5 /* timeentries.txt in Resources */,
				B448913124852DD200D144B4 /* CalendarItemCollectionViewCell.xib in Resources */,
				CCBD6991247425A800182A15 /* Project.storyboard in Resources */,
				8C2517C42403C2CA00BAD4B5 /* tags.txt in Resources */,
				8C2517C02403C2CA00BAD4B5 /* me.txt in Resources */,
				B47397DB248FDAF100DA8620 /* HourIndicatorSupplementaryView.xib in Resources */,
				CCAC4BB024744D5300F9E3A3 /* Localizable.stringsdict in Resources */,
				8C2517BF2403C2CA00BAD4B5 /* workspaces.txt in Resources */,
				CCBD69882474259A00182A15 /* Onboarding.storyboard in Resources */,
				8C2517C12403C2CA00BAD4B5 /* projects.txt in Resources */,
				8C2517C22403C2CA00BAD4B5 /* clients.txt in Resources */,
				B42EB0B4246D8DF20036F707 /* Images.xcassets in Resources */,
				34124E0324A4926B00B46D47 /* TimeLogSuggestionsHeader.xib in Resources */,
				34124E0B24A4E48C00B46D47 /* TimeLogDayHeader.xib in Resources */,
				B47397E3248FEE3000DA8620 /* EditingHourIndicatorSupplementaryView.xib in Resources */,
				8CB5452E240E49C300154473 /* tasks.txt in Resources */,
			);
			runOnlyForDeploymentPostprocessing = 0;
		};
/* End PBXResourcesBuildPhase section */

/* Begin PBXSourcesBuildPhase section */
		348DE155248E31DC00A9D537 /* Sources */ = {
			isa = PBXSourcesBuildPhase;
			buildActionMask = 2147483647;
			files = (
				348DE15C248E31DC00A9D537 /* AssetsTests.swift in Sources */,
				348DE164248E323F00A9D537 /* ColorsTests.swift in Sources */,
			);
			runOnlyForDeploymentPostprocessing = 0;
		};
		8C2516972403C19D00BAD4B5 /* Sources */ = {
			isa = PBXSourcesBuildPhase;
			buildActionMask = 2147483647;
			files = (
				8C2517C52403C2CA00BAD4B5 /* Assets.swift in Sources */,
				B42EB0B6246D8ECB0036F707 /* Images.swift in Sources */,
				CCBD699B24742BB300182A15 /* Localizable.swift in Sources */,
				CCBD697B247421BC00182A15 /* Strings.swift in Sources */,
				CCBD699E24742C0900182A15 /* XIBLocalizableText.swift in Sources */,
				B42EB0BB246D921B0036F707 /* Colors.swift in Sources */,
				CC817231247582BA004F1152 /* XIBLocalizablePlaceholder.swift in Sources */,
			);
			runOnlyForDeploymentPostprocessing = 0;
		};
/* End PBXSourcesBuildPhase section */

/* Begin PBXTargetDependency section */
		348DE160248E31DC00A9D537 /* PBXTargetDependency */ = {
			isa = PBXTargetDependency;
			target = 8C25169A2403C19D00BAD4B5 /* Assets */;
			targetProxy = 348DE15F248E31DC00A9D537 /* PBXContainerItemProxy */;
		};
/* End PBXTargetDependency section */

/* Begin PBXVariantGroup section */
		CCAC4BA324743D8200F9E3A3 /* Localizable.stringsdict */ = {
			isa = PBXVariantGroup;
			children = (
				CCAC4BA424743D8200F9E3A3 /* Base */,
				CCAC4BAB24743DA900F9E3A3 /* en */,
				CCAC4BAC24743DAC00F9E3A3 /* fr */,
				CCAC4BAD24743DAE00F9E3A3 /* ja */,
				CCAC4BAE24743DB000F9E3A3 /* pt-BR */,
			);
			name = Localizable.stringsdict;
			sourceTree = "<group>";
		};
		CCAC4BA524743D8200F9E3A3 /* Localizable.strings */ = {
			isa = PBXVariantGroup;
			children = (
				CCAC4BA624743D8200F9E3A3 /* Base */,
				CCAC4BA724743D8B00F9E3A3 /* en */,
				CCAC4BA824743D8E00F9E3A3 /* fr */,
				CCAC4BA924743D9000F9E3A3 /* ja */,
				CCAC4BAA24743D9200F9E3A3 /* pt-BR */,
			);
			name = Localizable.strings;
			sourceTree = "<group>";
		};
		CCBD69812474257200182A15 /* Timer.storyboard */ = {
			isa = PBXVariantGroup;
			children = (
				CCBD69802474257200182A15 /* Base */,
			);
			name = Timer.storyboard;
			sourceTree = "<group>";
		};
		CCBD698A2474259A00182A15 /* Onboarding.storyboard */ = {
			isa = PBXVariantGroup;
			children = (
				CCBD69892474259A00182A15 /* Base */,
			);
			name = Onboarding.storyboard;
			sourceTree = "<group>";
		};
		CCBD6993247425A800182A15 /* Project.storyboard */ = {
			isa = PBXVariantGroup;
			children = (
				CCBD6992247425A800182A15 /* Base */,
			);
			name = Project.storyboard;
			sourceTree = "<group>";
		};
/* End PBXVariantGroup section */

/* Begin XCBuildConfiguration section */
		348DE162248E31DC00A9D537 /* Debug */ = {
			isa = XCBuildConfiguration;
			buildSettings = {
				ALWAYS_SEARCH_USER_PATHS = NO;
				CLANG_ANALYZER_NONNULL = YES;
				CLANG_ANALYZER_NUMBER_OBJECT_CONVERSION = YES_AGGRESSIVE;
				CLANG_CXX_LANGUAGE_STANDARD = "gnu++14";
				CLANG_CXX_LIBRARY = "libc++";
				CLANG_ENABLE_MODULES = YES;
				CLANG_ENABLE_OBJC_ARC = YES;
				CLANG_ENABLE_OBJC_WEAK = YES;
				CLANG_WARN_BLOCK_CAPTURE_AUTORELEASING = YES;
				CLANG_WARN_BOOL_CONVERSION = YES;
				CLANG_WARN_COMMA = YES;
				CLANG_WARN_CONSTANT_CONVERSION = YES;
				CLANG_WARN_DEPRECATED_OBJC_IMPLEMENTATIONS = YES;
				CLANG_WARN_DIRECT_OBJC_ISA_USAGE = YES_ERROR;
				CLANG_WARN_DOCUMENTATION_COMMENTS = YES;
				CLANG_WARN_EMPTY_BODY = YES;
				CLANG_WARN_ENUM_CONVERSION = YES;
				CLANG_WARN_INFINITE_RECURSION = YES;
				CLANG_WARN_INT_CONVERSION = YES;
				CLANG_WARN_NON_LITERAL_NULL_CONVERSION = YES;
				CLANG_WARN_OBJC_IMPLICIT_RETAIN_SELF = YES;
				CLANG_WARN_OBJC_LITERAL_CONVERSION = YES;
				CLANG_WARN_OBJC_ROOT_CLASS = YES_ERROR;
				CLANG_WARN_RANGE_LOOP_ANALYSIS = YES;
				CLANG_WARN_STRICT_PROTOTYPES = YES;
				CLANG_WARN_SUSPICIOUS_MOVE = YES;
				CLANG_WARN_UNGUARDED_AVAILABILITY = YES_AGGRESSIVE;
				CLANG_WARN_UNREACHABLE_CODE = YES;
				CLANG_WARN__DUPLICATE_METHOD_MATCH = YES;
				CODE_SIGN_STYLE = Automatic;
				COPY_PHASE_STRIP = NO;
				DEBUG_INFORMATION_FORMAT = dwarf;
				DEVELOPMENT_TEAM = B227VTMZ94;
				ENABLE_STRICT_OBJC_MSGSEND = YES;
				ENABLE_TESTABILITY = YES;
				GCC_C_LANGUAGE_STANDARD = gnu11;
				GCC_DYNAMIC_NO_PIC = NO;
				GCC_NO_COMMON_BLOCKS = YES;
				GCC_OPTIMIZATION_LEVEL = 0;
				GCC_PREPROCESSOR_DEFINITIONS = (
					"DEBUG=1",
					"$(inherited)",
				);
				GCC_WARN_64_TO_32_BIT_CONVERSION = YES;
				GCC_WARN_ABOUT_RETURN_TYPE = YES_ERROR;
				GCC_WARN_UNDECLARED_SELECTOR = YES;
				GCC_WARN_UNINITIALIZED_AUTOS = YES_AGGRESSIVE;
				GCC_WARN_UNUSED_FUNCTION = YES;
				GCC_WARN_UNUSED_VARIABLE = YES;
				INFOPLIST_FILE = AssetsTests/Info.plist;
				IPHONEOS_DEPLOYMENT_TARGET = 13.4;
				LD_RUNPATH_SEARCH_PATHS = (
					"$(inherited)",
					"@executable_path/Frameworks",
					"@loader_path/Frameworks",
				);
				MTL_ENABLE_DEBUG_INFO = INCLUDE_SOURCE;
				MTL_FAST_MATH = YES;
				ONLY_ACTIVE_ARCH = YES;
				PRODUCT_BUNDLE_IDENTIFIER = com.toggl.aurora.AssetsTests;
				PRODUCT_NAME = "$(TARGET_NAME)";
				SDKROOT = iphoneos;
				SWIFT_ACTIVE_COMPILATION_CONDITIONS = DEBUG;
				SWIFT_OPTIMIZATION_LEVEL = "-Onone";
				SWIFT_VERSION = 5.0;
				TARGETED_DEVICE_FAMILY = "1,2";
			};
			name = Debug;
		};
		348DE163248E31DC00A9D537 /* Release */ = {
			isa = XCBuildConfiguration;
			buildSettings = {
				ALWAYS_SEARCH_USER_PATHS = NO;
				CLANG_ANALYZER_NONNULL = YES;
				CLANG_ANALYZER_NUMBER_OBJECT_CONVERSION = YES_AGGRESSIVE;
				CLANG_CXX_LANGUAGE_STANDARD = "gnu++14";
				CLANG_CXX_LIBRARY = "libc++";
				CLANG_ENABLE_MODULES = YES;
				CLANG_ENABLE_OBJC_ARC = YES;
				CLANG_ENABLE_OBJC_WEAK = YES;
				CLANG_WARN_BLOCK_CAPTURE_AUTORELEASING = YES;
				CLANG_WARN_BOOL_CONVERSION = YES;
				CLANG_WARN_COMMA = YES;
				CLANG_WARN_CONSTANT_CONVERSION = YES;
				CLANG_WARN_DEPRECATED_OBJC_IMPLEMENTATIONS = YES;
				CLANG_WARN_DIRECT_OBJC_ISA_USAGE = YES_ERROR;
				CLANG_WARN_DOCUMENTATION_COMMENTS = YES;
				CLANG_WARN_EMPTY_BODY = YES;
				CLANG_WARN_ENUM_CONVERSION = YES;
				CLANG_WARN_INFINITE_RECURSION = YES;
				CLANG_WARN_INT_CONVERSION = YES;
				CLANG_WARN_NON_LITERAL_NULL_CONVERSION = YES;
				CLANG_WARN_OBJC_IMPLICIT_RETAIN_SELF = YES;
				CLANG_WARN_OBJC_LITERAL_CONVERSION = YES;
				CLANG_WARN_OBJC_ROOT_CLASS = YES_ERROR;
				CLANG_WARN_RANGE_LOOP_ANALYSIS = YES;
				CLANG_WARN_STRICT_PROTOTYPES = YES;
				CLANG_WARN_SUSPICIOUS_MOVE = YES;
				CLANG_WARN_UNGUARDED_AVAILABILITY = YES_AGGRESSIVE;
				CLANG_WARN_UNREACHABLE_CODE = YES;
				CLANG_WARN__DUPLICATE_METHOD_MATCH = YES;
				CODE_SIGN_STYLE = Automatic;
				COPY_PHASE_STRIP = NO;
				DEBUG_INFORMATION_FORMAT = "dwarf-with-dsym";
				DEVELOPMENT_TEAM = B227VTMZ94;
				ENABLE_NS_ASSERTIONS = NO;
				ENABLE_STRICT_OBJC_MSGSEND = YES;
				GCC_C_LANGUAGE_STANDARD = gnu11;
				GCC_NO_COMMON_BLOCKS = YES;
				GCC_WARN_64_TO_32_BIT_CONVERSION = YES;
				GCC_WARN_ABOUT_RETURN_TYPE = YES_ERROR;
				GCC_WARN_UNDECLARED_SELECTOR = YES;
				GCC_WARN_UNINITIALIZED_AUTOS = YES_AGGRESSIVE;
				GCC_WARN_UNUSED_FUNCTION = YES;
				GCC_WARN_UNUSED_VARIABLE = YES;
				INFOPLIST_FILE = AssetsTests/Info.plist;
				IPHONEOS_DEPLOYMENT_TARGET = 13.4;
				LD_RUNPATH_SEARCH_PATHS = (
					"$(inherited)",
					"@executable_path/Frameworks",
					"@loader_path/Frameworks",
				);
				MTL_ENABLE_DEBUG_INFO = NO;
				MTL_FAST_MATH = YES;
				PRODUCT_BUNDLE_IDENTIFIER = com.toggl.aurora.AssetsTests;
				PRODUCT_NAME = "$(TARGET_NAME)";
				SDKROOT = iphoneos;
				SWIFT_COMPILATION_MODE = wholemodule;
				SWIFT_OPTIMIZATION_LEVEL = "-O";
				SWIFT_VERSION = 5.0;
				TARGETED_DEVICE_FAMILY = "1,2";
				VALIDATE_PRODUCT = YES;
			};
			name = Release;
		};
		8C2516AD2403C19D00BAD4B5 /* Debug */ = {
			isa = XCBuildConfiguration;
			baseConfigurationReference = 8CAF7A9A24580C0C006B961D /* Project.debug.xcconfig */;
			buildSettings = {
			};
			name = Debug;
		};
		8C2516AE2403C19D00BAD4B5 /* Release */ = {
			isa = XCBuildConfiguration;
			baseConfigurationReference = 8CAF7A9524580C0C006B961D /* Project.release.xcconfig */;
			buildSettings = {
			};
			name = Release;
		};
		8C2516B02403C19D00BAD4B5 /* Debug */ = {
			isa = XCBuildConfiguration;
			baseConfigurationReference = 8CAF7A9224580C0C006B961D /* Assets.debug.xcconfig */;
			buildSettings = {
			};
			name = Debug;
		};
		8C2516B12403C19D00BAD4B5 /* Release */ = {
			isa = XCBuildConfiguration;
			baseConfigurationReference = 8CAF7A9924580C0C006B961D /* Assets.release.xcconfig */;
			buildSettings = {
			};
			name = Release;
		};
/* End XCBuildConfiguration section */

/* Begin XCConfigurationList section */
		348DE161248E31DC00A9D537 /* Build configuration list for PBXNativeTarget "AssetsTests" */ = {
			isa = XCConfigurationList;
			buildConfigurations = (
				348DE162248E31DC00A9D537 /* Debug */,
				348DE163248E31DC00A9D537 /* Release */,
			);
			defaultConfigurationIsVisible = 0;
			defaultConfigurationName = Release;
		};
		8C2516952403C19D00BAD4B5 /* Build configuration list for PBXProject "Assets" */ = {
			isa = XCConfigurationList;
			buildConfigurations = (
				8C2516AD2403C19D00BAD4B5 /* Debug */,
				8C2516AE2403C19D00BAD4B5 /* Release */,
			);
			defaultConfigurationIsVisible = 0;
			defaultConfigurationName = Release;
		};
		8C2516AF2403C19D00BAD4B5 /* Build configuration list for PBXNativeTarget "Assets" */ = {
			isa = XCConfigurationList;
			buildConfigurations = (
				8C2516B02403C19D00BAD4B5 /* Debug */,
				8C2516B12403C19D00BAD4B5 /* Release */,
			);
			defaultConfigurationIsVisible = 0;
			defaultConfigurationName = Release;
		};
/* End XCConfigurationList section */

/* Begin XCVersionGroup section */
		8C0B54C524508E0F0078E250 /* Database.xcdatamodeld */ = {
			isa = XCVersionGroup;
			children = (
				8C0B54C424508E0F0078E250 /* Database.xcdatamodel */,
			);
			currentVersion = 8C0B54C424508E0F0078E250 /* Database.xcdatamodel */;
			path = Database.xcdatamodeld;
			sourceTree = "<group>";
		};
/* End XCVersionGroup section */
	};
	rootObject = 8C2516922403C19D00BAD4B5 /* Project object */;
}
