// !$*UTF8*$!
{
	archiveVersion = 1;
	classes = {
	};
	objectVersion = 51;
	objects = {

/* Begin PBXBuildFile section */
		3448B3DD24850D0F00DB85C9 /* ContextualMenuReducerTests.swift in Sources */ = {isa = PBXBuildFile; fileRef = 3448B3DC24850D0F00DB85C9 /* ContextualMenuReducerTests.swift */; };
		559FF6CD3B698FCABB15FD01 /* Pods_Calendar_CalendarTests.framework in Frameworks */ = {isa = PBXBuildFile; fileRef = 097E62FDCBC7925F4F46B626 /* Pods_Calendar_CalendarTests.framework */; };
		8CE188DE247FC5BB00FD81C7 /* Repository.framework in Frameworks */ = {isa = PBXBuildFile; fileRef = 8CE188DD247FC5BB00FD81C7 /* Repository.framework */; };
		8CE188E2247FD33800FD81C7 /* Assets.framework in Frameworks */ = {isa = PBXBuildFile; fileRef = 8CE188E1247FD33800FD81C7 /* Assets.framework */; };
		8CE188E6247FD33D00FD81C7 /* Models.framework in Frameworks */ = {isa = PBXBuildFile; fileRef = 8CE188E5247FD33D00FD81C7 /* Models.framework */; };
		8CE188E9247FD34200FD81C7 /* OtherServices.framework in Frameworks */ = {isa = PBXBuildFile; fileRef = 8CE188E8247FD34200FD81C7 /* OtherServices.framework */; };
		8CFDB34B247C072600952533 /* Calendar.framework in Frameworks */ = {isa = PBXBuildFile; fileRef = 8CFDB341247C072600952533 /* Calendar.framework */; };
		8CFDB352247C072600952533 /* Calendar.h in Headers */ = {isa = PBXBuildFile; fileRef = 8CFDB344247C072600952533 /* Calendar.h */; settings = {ATTRIBUTES = (Public, ); }; };
		8CFDB375247C0B7A00952533 /* CalendarTests-Shared.xcconfig in Resources */ = {isa = PBXBuildFile; fileRef = 8CFDB36D247C0B7A00952533 /* CalendarTests-Shared.xcconfig */; };
		8CFDB376247C0B7A00952533 /* CalendarTests.release.xcconfig in Resources */ = {isa = PBXBuildFile; fileRef = 8CFDB36E247C0B7A00952533 /* CalendarTests.release.xcconfig */; };
		8CFDB377247C0B7A00952533 /* Calendar.release.xcconfig in Resources */ = {isa = PBXBuildFile; fileRef = 8CFDB36F247C0B7A00952533 /* Calendar.release.xcconfig */; };
		8CFDB378247C0B7A00952533 /* Calendar.debug.xcconfig in Resources */ = {isa = PBXBuildFile; fileRef = 8CFDB370247C0B7A00952533 /* Calendar.debug.xcconfig */; };
		8CFDB379247C0B7A00952533 /* CalendarTests.debug.xcconfig in Resources */ = {isa = PBXBuildFile; fileRef = 8CFDB371247C0B7A00952533 /* CalendarTests.debug.xcconfig */; };
		8CFDB37A247C0B7A00952533 /* Project.debug.xcconfig in Resources */ = {isa = PBXBuildFile; fileRef = 8CFDB372247C0B7A00952533 /* Project.debug.xcconfig */; };
		8CFDB37B247C0B7A00952533 /* Calendar-Shared.xcconfig in Resources */ = {isa = PBXBuildFile; fileRef = 8CFDB373247C0B7A00952533 /* Calendar-Shared.xcconfig */; };
		8CFDB37C247C0B7A00952533 /* Project.release.xcconfig in Resources */ = {isa = PBXBuildFile; fileRef = 8CFDB374247C0B7A00952533 /* Project.release.xcconfig */; };
		8CFDB381247C124100952533 /* CalendarViewController.swift in Sources */ = {isa = PBXBuildFile; fileRef = 8CFDB380247C124100952533 /* CalendarViewController.swift */; };
		8CFDB383247C126400952533 /* CalendarReducer.swift in Sources */ = {isa = PBXBuildFile; fileRef = 8CFDB382247C126400952533 /* CalendarReducer.swift */; };
		8CFDB385247C127300952533 /* CalendarState.swift in Sources */ = {isa = PBXBuildFile; fileRef = 8CFDB384247C127300952533 /* CalendarState.swift */; };
		8CFDB387247C127F00952533 /* CalendarAction.swift in Sources */ = {isa = PBXBuildFile; fileRef = 8CFDB386247C127F00952533 /* CalendarAction.swift */; };
		8CFDB389247CDBEA00952533 /* CalendarCoordinator.swift in Sources */ = {isa = PBXBuildFile; fileRef = 8CFDB388247CDBEA00952533 /* CalendarCoordinator.swift */; };
		8CFDB390247CDFFE00952533 /* Architecture.framework in Frameworks */ = {isa = PBXBuildFile; fileRef = 8CFDB38F247CDFFE00952533 /* Architecture.framework */; };
		A4959F0D33F1BF0A42CA2FA7 /* Pods_Calendar.framework in Frameworks */ = {isa = PBXBuildFile; fileRef = 2BE2579A412815787A21827C /* Pods_Calendar.framework */; };
		AC4E25B8247D6A10004655F6 /* CalendarFeature.swift in Sources */ = {isa = PBXBuildFile; fileRef = AC4E25B7247D6A10004655F6 /* CalendarFeature.swift */; };
		AC4E25C3247D6CCA004655F6 /* CalendarDayAction.swift in Sources */ = {isa = PBXBuildFile; fileRef = AC4E25BC247D6CCA004655F6 /* CalendarDayAction.swift */; };
		AC4E25C4247D6CCA004655F6 /* CalendarDayCoordinator.swift in Sources */ = {isa = PBXBuildFile; fileRef = AC4E25BD247D6CCA004655F6 /* CalendarDayCoordinator.swift */; };
		AC4E25C5247D6CCA004655F6 /* CalendarDayFeature.swift in Sources */ = {isa = PBXBuildFile; fileRef = AC4E25BE247D6CCA004655F6 /* CalendarDayFeature.swift */; };
		AC4E25C6247D6CCA004655F6 /* CalendarDayReducer.swift in Sources */ = {isa = PBXBuildFile; fileRef = AC4E25BF247D6CCA004655F6 /* CalendarDayReducer.swift */; };
		AC4E25C7247D6CCA004655F6 /* CalendarDayState.swift in Sources */ = {isa = PBXBuildFile; fileRef = AC4E25C0247D6CCA004655F6 /* CalendarDayState.swift */; };
		AC4E25C8247D6CCA004655F6 /* CalendarDayViewController.swift in Sources */ = {isa = PBXBuildFile; fileRef = AC4E25C1247D6CCA004655F6 /* CalendarDayViewController.swift */; };
		AC4E25C9247D6CCA004655F6 /* CalendarDaySelector.swift in Sources */ = {isa = PBXBuildFile; fileRef = AC4E25C2247D6CCA004655F6 /* CalendarDaySelector.swift */; };
		AC5AA349247FD6C7000EA873 /* Timer.framework in Frameworks */ = {isa = PBXBuildFile; fileRef = AC5AA348247FD6C7000EA873 /* Timer.framework */; };
		ACBA12352480010C007F939D /* CalendarDayReducerTests.swift in Sources */ = {isa = PBXBuildFile; fileRef = ACBA12342480010C007F939D /* CalendarDayReducerTests.swift */; };
		ACBA123F24814F57007F939D /* ContextualMenuAction.swift in Sources */ = {isa = PBXBuildFile; fileRef = ACBA123824814F57007F939D /* ContextualMenuAction.swift */; };
		ACBA124024814F57007F939D /* ContextualMenuCoordinator.swift in Sources */ = {isa = PBXBuildFile; fileRef = ACBA123924814F57007F939D /* ContextualMenuCoordinator.swift */; };
		ACBA124124814F57007F939D /* ContextualMenuFeature.swift in Sources */ = {isa = PBXBuildFile; fileRef = ACBA123A24814F57007F939D /* ContextualMenuFeature.swift */; };
		ACBA124224814F57007F939D /* ContextualMenuReducer.swift in Sources */ = {isa = PBXBuildFile; fileRef = ACBA123B24814F57007F939D /* ContextualMenuReducer.swift */; };
		ACBA124324814F57007F939D /* ContextualMenuState.swift in Sources */ = {isa = PBXBuildFile; fileRef = ACBA123C24814F57007F939D /* ContextualMenuState.swift */; };
		ACBA124424814F57007F939D /* ContextualMenuViewController.swift in Sources */ = {isa = PBXBuildFile; fileRef = ACBA123D24814F57007F939D /* ContextualMenuViewController.swift */; };
		ACBA124524814F57007F939D /* ContextualMenuSelector.swift in Sources */ = {isa = PBXBuildFile; fileRef = ACBA123E24814F57007F939D /* ContextualMenuSelector.swift */; };
		ACBA56FB247FEDC500692C57 /* ArchitectureTestSupport.framework in Frameworks */ = {isa = PBXBuildFile; fileRef = ACBA56FA247FEDC500692C57 /* ArchitectureTestSupport.framework */; };
		B438EE3724893E7200B805A2 /* CalendarDayCollectionViewDataSource.swift in Sources */ = {isa = PBXBuildFile; fileRef = B438EE3624893E7200B805A2 /* CalendarDayCollectionViewDataSource.swift */; };
		B438EE39248971ED00B805A2 /* CalendarDayCollectionViewLayout.swift in Sources */ = {isa = PBXBuildFile; fileRef = B438EE38248971ED00B805A2 /* CalendarDayCollectionViewLayout.swift */; };
		B43AA865247EACB1005867CE /* CalendarItem.swift in Sources */ = {isa = PBXBuildFile; fileRef = B43AA864247EACB1005867CE /* CalendarItem.swift */; };
		B43AA867247EB60B005867CE /* CalendarLayoutCalculator.swift in Sources */ = {isa = PBXBuildFile; fileRef = B43AA866247EB60B005867CE /* CalendarLayoutCalculator.swift */; };
		B43AA869247EDDD7005867CE /* CalendarLayoutCalculatorTests.swift in Sources */ = {isa = PBXBuildFile; fileRef = B43AA868247EDDD7005867CE /* CalendarLayoutCalculatorTests.swift */; };
		B43AA86F247EE4A5005867CE /* OtherServices.framework in Frameworks */ = {isa = PBXBuildFile; fileRef = B43AA86E247EE4A5005867CE /* OtherServices.framework */; };
		B43AA872247EE4B1005867CE /* Utils.framework in Frameworks */ = {isa = PBXBuildFile; fileRef = B43AA871247EE4B1005867CE /* Utils.framework */; };
		B43AA877247F0617005867CE /* CalendarDaySelectorTests.swift in Sources */ = {isa = PBXBuildFile; fileRef = B43AA876247F0617005867CE /* CalendarDaySelectorTests.swift */; };
		B444280124803DE300BAA3EE /* Constants.swift in Sources */ = {isa = PBXBuildFile; fileRef = B444280024803DE300BAA3EE /* Constants.swift */; };
		B45A50D3247FE69B00D730A8 /* CalendarService.framework in Frameworks */ = {isa = PBXBuildFile; fileRef = B45A50D2247FE69B00D730A8 /* CalendarService.framework */; };
		B4697F092486CFAB00A1A375 /* MockCalendarService.swift in Sources */ = {isa = PBXBuildFile; fileRef = B4697F072486CF5E00A1A375 /* MockCalendarService.swift */; };
		B47397DD248FDB1400DA8620 /* HourIndicatorSupplementaryView.swift in Sources */ = {isa = PBXBuildFile; fileRef = B47397DC248FDB1400DA8620 /* HourIndicatorSupplementaryView.swift */; };
		B47397DF248FDC2700DA8620 /* CalendarItemCollectionViewCell.swift in Sources */ = {isa = PBXBuildFile; fileRef = B448912D24851F9C00D144B4 /* CalendarItemCollectionViewCell.swift */; };
		B47397E5248FEE4500DA8620 /* EditingHourIndicatorSupplementaryView.swift in Sources */ = {isa = PBXBuildFile; fileRef = B47397E4248FEE4500DA8620 /* EditingHourIndicatorSupplementaryView.swift */; };
		B47397E9248FF0BD00DA8620 /* CurrentTimeSupplementaryView.swift in Sources */ = {isa = PBXBuildFile; fileRef = B47397E8248FF0BD00DA8620 /* CurrentTimeSupplementaryView.swift */; };
		B4A647722488021000A8C434 /* CalendarEvent+Extensions.swift in Sources */ = {isa = PBXBuildFile; fileRef = B4A647712488021000A8C434 /* CalendarEvent+Extensions.swift */; };
/* End PBXBuildFile section */

/* Begin PBXContainerItemProxy section */
		8CFDB34C247C072600952533 /* PBXContainerItemProxy */ = {
			isa = PBXContainerItemProxy;
			containerPortal = 8CFDB338247C072500952533 /* Project object */;
			proxyType = 1;
			remoteGlobalIDString = 8CFDB340247C072600952533;
			remoteInfo = Calendar;
		};
/* End PBXContainerItemProxy section */

/* Begin PBXFileReference section */
		071A28E0DB2F7C6A0900BBB4 /* Pods-Calendar.debug.xcconfig */ = {isa = PBXFileReference; includeInIndex = 1; lastKnownFileType = text.xcconfig; name = "Pods-Calendar.debug.xcconfig"; path = "Target Support Files/Pods-Calendar/Pods-Calendar.debug.xcconfig"; sourceTree = "<group>"; };
		097E62FDCBC7925F4F46B626 /* Pods_Calendar_CalendarTests.framework */ = {isa = PBXFileReference; explicitFileType = wrapper.framework; includeInIndex = 0; path = Pods_Calendar_CalendarTests.framework; sourceTree = BUILT_PRODUCTS_DIR; };
		2BE2579A412815787A21827C /* Pods_Calendar.framework */ = {isa = PBXFileReference; explicitFileType = wrapper.framework; includeInIndex = 0; path = Pods_Calendar.framework; sourceTree = BUILT_PRODUCTS_DIR; };
		3448B3DC24850D0F00DB85C9 /* ContextualMenuReducerTests.swift */ = {isa = PBXFileReference; lastKnownFileType = sourcecode.swift; path = ContextualMenuReducerTests.swift; sourceTree = "<group>"; };
		387803EDA935829A817A2A17 /* Pods-Calendar.release.xcconfig */ = {isa = PBXFileReference; includeInIndex = 1; lastKnownFileType = text.xcconfig; name = "Pods-Calendar.release.xcconfig"; path = "Target Support Files/Pods-Calendar/Pods-Calendar.release.xcconfig"; sourceTree = "<group>"; };
		8CE188DD247FC5BB00FD81C7 /* Repository.framework */ = {isa = PBXFileReference; explicitFileType = wrapper.framework; path = Repository.framework; sourceTree = BUILT_PRODUCTS_DIR; };
		8CE188E1247FD33800FD81C7 /* Assets.framework */ = {isa = PBXFileReference; explicitFileType = wrapper.framework; path = Assets.framework; sourceTree = BUILT_PRODUCTS_DIR; };
		8CE188E5247FD33D00FD81C7 /* Models.framework */ = {isa = PBXFileReference; explicitFileType = wrapper.framework; path = Models.framework; sourceTree = BUILT_PRODUCTS_DIR; };
		8CE188E8247FD34200FD81C7 /* OtherServices.framework */ = {isa = PBXFileReference; explicitFileType = wrapper.framework; path = OtherServices.framework; sourceTree = BUILT_PRODUCTS_DIR; };
		8CFDB341247C072600952533 /* Calendar.framework */ = {isa = PBXFileReference; explicitFileType = wrapper.framework; includeInIndex = 0; path = Calendar.framework; sourceTree = BUILT_PRODUCTS_DIR; };
		8CFDB344247C072600952533 /* Calendar.h */ = {isa = PBXFileReference; lastKnownFileType = sourcecode.c.h; path = Calendar.h; sourceTree = "<group>"; };
		8CFDB345247C072600952533 /* Info.plist */ = {isa = PBXFileReference; lastKnownFileType = text.plist.xml; path = Info.plist; sourceTree = "<group>"; };
		8CFDB34A247C072600952533 /* CalendarTests.xctest */ = {isa = PBXFileReference; explicitFileType = wrapper.cfbundle; includeInIndex = 0; path = CalendarTests.xctest; sourceTree = BUILT_PRODUCTS_DIR; };
		8CFDB351247C072600952533 /* Info.plist */ = {isa = PBXFileReference; lastKnownFileType = text.plist.xml; path = Info.plist; sourceTree = "<group>"; };
		8CFDB36D247C0B7A00952533 /* CalendarTests-Shared.xcconfig */ = {isa = PBXFileReference; fileEncoding = 4; lastKnownFileType = text.xcconfig; path = "CalendarTests-Shared.xcconfig"; sourceTree = "<group>"; };
		8CFDB36E247C0B7A00952533 /* CalendarTests.release.xcconfig */ = {isa = PBXFileReference; fileEncoding = 4; lastKnownFileType = text.xcconfig; path = CalendarTests.release.xcconfig; sourceTree = "<group>"; };
		8CFDB36F247C0B7A00952533 /* Calendar.release.xcconfig */ = {isa = PBXFileReference; fileEncoding = 4; lastKnownFileType = text.xcconfig; path = Calendar.release.xcconfig; sourceTree = "<group>"; };
		8CFDB370247C0B7A00952533 /* Calendar.debug.xcconfig */ = {isa = PBXFileReference; fileEncoding = 4; lastKnownFileType = text.xcconfig; path = Calendar.debug.xcconfig; sourceTree = "<group>"; };
		8CFDB371247C0B7A00952533 /* CalendarTests.debug.xcconfig */ = {isa = PBXFileReference; fileEncoding = 4; lastKnownFileType = text.xcconfig; path = CalendarTests.debug.xcconfig; sourceTree = "<group>"; };
		8CFDB372247C0B7A00952533 /* Project.debug.xcconfig */ = {isa = PBXFileReference; fileEncoding = 4; lastKnownFileType = text.xcconfig; path = Project.debug.xcconfig; sourceTree = "<group>"; };
		8CFDB373247C0B7A00952533 /* Calendar-Shared.xcconfig */ = {isa = PBXFileReference; fileEncoding = 4; lastKnownFileType = text.xcconfig; path = "Calendar-Shared.xcconfig"; sourceTree = "<group>"; };
		8CFDB374247C0B7A00952533 /* Project.release.xcconfig */ = {isa = PBXFileReference; fileEncoding = 4; lastKnownFileType = text.xcconfig; path = Project.release.xcconfig; sourceTree = "<group>"; };
		8CFDB380247C124100952533 /* CalendarViewController.swift */ = {isa = PBXFileReference; lastKnownFileType = sourcecode.swift; path = CalendarViewController.swift; sourceTree = "<group>"; };
		8CFDB382247C126400952533 /* CalendarReducer.swift */ = {isa = PBXFileReference; lastKnownFileType = sourcecode.swift; path = CalendarReducer.swift; sourceTree = "<group>"; };
		8CFDB384247C127300952533 /* CalendarState.swift */ = {isa = PBXFileReference; lastKnownFileType = sourcecode.swift; path = CalendarState.swift; sourceTree = "<group>"; };
		8CFDB386247C127F00952533 /* CalendarAction.swift */ = {isa = PBXFileReference; lastKnownFileType = sourcecode.swift; path = CalendarAction.swift; sourceTree = "<group>"; };
		8CFDB388247CDBEA00952533 /* CalendarCoordinator.swift */ = {isa = PBXFileReference; lastKnownFileType = sourcecode.swift; path = CalendarCoordinator.swift; sourceTree = "<group>"; };
		8CFDB38F247CDFFE00952533 /* Architecture.framework */ = {isa = PBXFileReference; explicitFileType = wrapper.framework; path = Architecture.framework; sourceTree = BUILT_PRODUCTS_DIR; };
		AC4E25B7247D6A10004655F6 /* CalendarFeature.swift */ = {isa = PBXFileReference; lastKnownFileType = sourcecode.swift; path = CalendarFeature.swift; sourceTree = "<group>"; };
		AC4E25BC247D6CCA004655F6 /* CalendarDayAction.swift */ = {isa = PBXFileReference; lastKnownFileType = sourcecode.swift; path = CalendarDayAction.swift; sourceTree = "<group>"; };
		AC4E25BD247D6CCA004655F6 /* CalendarDayCoordinator.swift */ = {isa = PBXFileReference; lastKnownFileType = sourcecode.swift; path = CalendarDayCoordinator.swift; sourceTree = "<group>"; };
		AC4E25BE247D6CCA004655F6 /* CalendarDayFeature.swift */ = {isa = PBXFileReference; lastKnownFileType = sourcecode.swift; path = CalendarDayFeature.swift; sourceTree = "<group>"; };
		AC4E25BF247D6CCA004655F6 /* CalendarDayReducer.swift */ = {isa = PBXFileReference; lastKnownFileType = sourcecode.swift; path = CalendarDayReducer.swift; sourceTree = "<group>"; };
		AC4E25C0247D6CCA004655F6 /* CalendarDayState.swift */ = {isa = PBXFileReference; lastKnownFileType = sourcecode.swift; path = CalendarDayState.swift; sourceTree = "<group>"; };
		AC4E25C1247D6CCA004655F6 /* CalendarDayViewController.swift */ = {isa = PBXFileReference; lastKnownFileType = sourcecode.swift; path = CalendarDayViewController.swift; sourceTree = "<group>"; };
		AC4E25C2247D6CCA004655F6 /* CalendarDaySelector.swift */ = {isa = PBXFileReference; lastKnownFileType = sourcecode.swift; path = CalendarDaySelector.swift; sourceTree = "<group>"; };
		AC5AA348247FD6C7000EA873 /* Timer.framework */ = {isa = PBXFileReference; explicitFileType = wrapper.framework; path = Timer.framework; sourceTree = BUILT_PRODUCTS_DIR; };
		ACBA12342480010C007F939D /* CalendarDayReducerTests.swift */ = {isa = PBXFileReference; lastKnownFileType = sourcecode.swift; path = CalendarDayReducerTests.swift; sourceTree = "<group>"; };
		ACBA123824814F57007F939D /* ContextualMenuAction.swift */ = {isa = PBXFileReference; lastKnownFileType = sourcecode.swift; path = ContextualMenuAction.swift; sourceTree = "<group>"; };
		ACBA123924814F57007F939D /* ContextualMenuCoordinator.swift */ = {isa = PBXFileReference; lastKnownFileType = sourcecode.swift; path = ContextualMenuCoordinator.swift; sourceTree = "<group>"; };
		ACBA123A24814F57007F939D /* ContextualMenuFeature.swift */ = {isa = PBXFileReference; lastKnownFileType = sourcecode.swift; path = ContextualMenuFeature.swift; sourceTree = "<group>"; };
		ACBA123B24814F57007F939D /* ContextualMenuReducer.swift */ = {isa = PBXFileReference; lastKnownFileType = sourcecode.swift; path = ContextualMenuReducer.swift; sourceTree = "<group>"; };
		ACBA123C24814F57007F939D /* ContextualMenuState.swift */ = {isa = PBXFileReference; lastKnownFileType = sourcecode.swift; path = ContextualMenuState.swift; sourceTree = "<group>"; };
		ACBA123D24814F57007F939D /* ContextualMenuViewController.swift */ = {isa = PBXFileReference; lastKnownFileType = sourcecode.swift; path = ContextualMenuViewController.swift; sourceTree = "<group>"; };
		ACBA123E24814F57007F939D /* ContextualMenuSelector.swift */ = {isa = PBXFileReference; lastKnownFileType = sourcecode.swift; path = ContextualMenuSelector.swift; sourceTree = "<group>"; };
		ACBA56FA247FEDC500692C57 /* ArchitectureTestSupport.framework */ = {isa = PBXFileReference; explicitFileType = wrapper.framework; path = ArchitectureTestSupport.framework; sourceTree = BUILT_PRODUCTS_DIR; };
		B245BDA31E4B1D8DDC51B9BC /* Pods-Calendar-CalendarTests.debug.xcconfig */ = {isa = PBXFileReference; includeInIndex = 1; lastKnownFileType = text.xcconfig; name = "Pods-Calendar-CalendarTests.debug.xcconfig"; path = "Target Support Files/Pods-Calendar-CalendarTests/Pods-Calendar-CalendarTests.debug.xcconfig"; sourceTree = "<group>"; };
		B438EE3624893E7200B805A2 /* CalendarDayCollectionViewDataSource.swift */ = {isa = PBXFileReference; lastKnownFileType = sourcecode.swift; path = CalendarDayCollectionViewDataSource.swift; sourceTree = "<group>"; };
		B438EE38248971ED00B805A2 /* CalendarDayCollectionViewLayout.swift */ = {isa = PBXFileReference; lastKnownFileType = sourcecode.swift; path = CalendarDayCollectionViewLayout.swift; sourceTree = "<group>"; };
		B43AA864247EACB1005867CE /* CalendarItem.swift */ = {isa = PBXFileReference; lastKnownFileType = sourcecode.swift; path = CalendarItem.swift; sourceTree = "<group>"; };
		B43AA866247EB60B005867CE /* CalendarLayoutCalculator.swift */ = {isa = PBXFileReference; lastKnownFileType = sourcecode.swift; path = CalendarLayoutCalculator.swift; sourceTree = "<group>"; };
		B43AA868247EDDD7005867CE /* CalendarLayoutCalculatorTests.swift */ = {isa = PBXFileReference; lastKnownFileType = sourcecode.swift; path = CalendarLayoutCalculatorTests.swift; sourceTree = "<group>"; };
		B43AA86E247EE4A5005867CE /* OtherServices.framework */ = {isa = PBXFileReference; explicitFileType = wrapper.framework; path = OtherServices.framework; sourceTree = BUILT_PRODUCTS_DIR; };
		B43AA871247EE4B1005867CE /* Utils.framework */ = {isa = PBXFileReference; explicitFileType = wrapper.framework; path = Utils.framework; sourceTree = BUILT_PRODUCTS_DIR; };
		B43AA876247F0617005867CE /* CalendarDaySelectorTests.swift */ = {isa = PBXFileReference; lastKnownFileType = sourcecode.swift; path = CalendarDaySelectorTests.swift; sourceTree = "<group>"; };
		B444280024803DE300BAA3EE /* Constants.swift */ = {isa = PBXFileReference; lastKnownFileType = sourcecode.swift; path = Constants.swift; sourceTree = "<group>"; };
		B448912D24851F9C00D144B4 /* CalendarItemCollectionViewCell.swift */ = {isa = PBXFileReference; lastKnownFileType = sourcecode.swift; path = CalendarItemCollectionViewCell.swift; sourceTree = "<group>"; };
		B45A50D2247FE69B00D730A8 /* CalendarService.framework */ = {isa = PBXFileReference; explicitFileType = wrapper.framework; path = CalendarService.framework; sourceTree = BUILT_PRODUCTS_DIR; };
		B4697F072486CF5E00A1A375 /* MockCalendarService.swift */ = {isa = PBXFileReference; fileEncoding = 4; lastKnownFileType = sourcecode.swift; path = MockCalendarService.swift; sourceTree = "<group>"; };
		B47397DC248FDB1400DA8620 /* HourIndicatorSupplementaryView.swift */ = {isa = PBXFileReference; lastKnownFileType = sourcecode.swift; path = HourIndicatorSupplementaryView.swift; sourceTree = "<group>"; };
		B47397E4248FEE4500DA8620 /* EditingHourIndicatorSupplementaryView.swift */ = {isa = PBXFileReference; lastKnownFileType = sourcecode.swift; path = EditingHourIndicatorSupplementaryView.swift; sourceTree = "<group>"; };
		B47397E8248FF0BD00DA8620 /* CurrentTimeSupplementaryView.swift */ = {isa = PBXFileReference; lastKnownFileType = sourcecode.swift; path = CurrentTimeSupplementaryView.swift; sourceTree = "<group>"; };
		B4A647712488021000A8C434 /* CalendarEvent+Extensions.swift */ = {isa = PBXFileReference; lastKnownFileType = sourcecode.swift; path = "CalendarEvent+Extensions.swift"; sourceTree = "<group>"; };
		BF55096AEEB6FF794B0E44C6 /* Pods-Calendar-CalendarTests.release.xcconfig */ = {isa = PBXFileReference; includeInIndex = 1; lastKnownFileType = text.xcconfig; name = "Pods-Calendar-CalendarTests.release.xcconfig"; path = "Target Support Files/Pods-Calendar-CalendarTests/Pods-Calendar-CalendarTests.release.xcconfig"; sourceTree = "<group>"; };
/* End PBXFileReference section */

/* Begin PBXFrameworksBuildPhase section */
		8CFDB33E247C072600952533 /* Frameworks */ = {
			isa = PBXFrameworksBuildPhase;
			buildActionMask = 2147483647;
			files = (
				8CFDB390247CDFFE00952533 /* Architecture.framework in Frameworks */,
				B43AA872247EE4B1005867CE /* Utils.framework in Frameworks */,
				B43AA86F247EE4A5005867CE /* OtherServices.framework in Frameworks */,
				AC5AA349247FD6C7000EA873 /* Timer.framework in Frameworks */,
				B45A50D3247FE69B00D730A8 /* CalendarService.framework in Frameworks */,
				A4959F0D33F1BF0A42CA2FA7 /* Pods_Calendar.framework in Frameworks */,
				ACBA56FB247FEDC500692C57 /* ArchitectureTestSupport.framework in Frameworks */,
				8CE188E6247FD33D00FD81C7 /* Models.framework in Frameworks */,
				8CE188DE247FC5BB00FD81C7 /* Repository.framework in Frameworks */,
				8CE188E2247FD33800FD81C7 /* Assets.framework in Frameworks */,
				8CE188E9247FD34200FD81C7 /* OtherServices.framework in Frameworks */,
			);
			runOnlyForDeploymentPostprocessing = 0;
		};
		8CFDB347247C072600952533 /* Frameworks */ = {
			isa = PBXFrameworksBuildPhase;
			buildActionMask = 2147483647;
			files = (
				8CFDB34B247C072600952533 /* Calendar.framework in Frameworks */,
				559FF6CD3B698FCABB15FD01 /* Pods_Calendar_CalendarTests.framework in Frameworks */,
			);
			runOnlyForDeploymentPostprocessing = 0;
		};
/* End PBXFrameworksBuildPhase section */

/* Begin PBXGroup section */
		8CFDB337247C072500952533 = {
			isa = PBXGroup;
			children = (
				8CFDB36C247C0B7A00952533 /* Configurations */,
				8CFDB343247C072600952533 /* Calendar */,
				8CFDB34E247C072600952533 /* CalendarTests */,
				8CFDB342247C072600952533 /* Products */,
				8CFDB38E247CDFFE00952533 /* Frameworks */,
				B9F09D013D26CAF2AE4D3C69 /* Pods */,
				ACBA123624814637007F939D /* Recovered References */,
			);
			sourceTree = "<group>";
		};
		8CFDB342247C072600952533 /* Products */ = {
			isa = PBXGroup;
			children = (
				8CFDB341247C072600952533 /* Calendar.framework */,
				8CFDB34A247C072600952533 /* CalendarTests.xctest */,
			);
			name = Products;
			sourceTree = "<group>";
		};
		8CFDB343247C072600952533 /* Calendar */ = {
			isa = PBXGroup;
			children = (
				AC4E25B7247D6A10004655F6 /* CalendarFeature.swift */,
				AC4E25BA247D6AD1004655F6 /* Common */,
				AC4E25BB247D6CB7004655F6 /* CalendarDay */,
				ACBA123724814F39007F939D /* ContextualMenu */,
				8CFDB344247C072600952533 /* Calendar.h */,
				8CFDB345247C072600952533 /* Info.plist */,
			);
			path = Calendar;
			sourceTree = "<group>";
		};
		8CFDB34E247C072600952533 /* CalendarTests */ = {
			isa = PBXGroup;
			children = (
				B43AA868247EDDD7005867CE /* CalendarLayoutCalculatorTests.swift */,
				B43AA876247F0617005867CE /* CalendarDaySelectorTests.swift */,
				B4697F062486CF5E00A1A375 /* Mocks */,
				ACBA1233248000F0007F939D /* CalendarDayTests */,
				8CFDB351247C072600952533 /* Info.plist */,
			);
			path = CalendarTests;
			sourceTree = "<group>";
		};
		8CFDB36C247C0B7A00952533 /* Configurations */ = {
			isa = PBXGroup;
			children = (
				8CFDB36D247C0B7A00952533 /* CalendarTests-Shared.xcconfig */,
				8CFDB36E247C0B7A00952533 /* CalendarTests.release.xcconfig */,
				8CFDB36F247C0B7A00952533 /* Calendar.release.xcconfig */,
				8CFDB370247C0B7A00952533 /* Calendar.debug.xcconfig */,
				8CFDB371247C0B7A00952533 /* CalendarTests.debug.xcconfig */,
				8CFDB372247C0B7A00952533 /* Project.debug.xcconfig */,
				8CFDB373247C0B7A00952533 /* Calendar-Shared.xcconfig */,
				8CFDB374247C0B7A00952533 /* Project.release.xcconfig */,
			);
			path = Configurations;
			sourceTree = "<group>";
		};
		8CFDB37D247C0E1100952533 /* Views */ = {
			isa = PBXGroup;
			children = (
				8CFDB380247C124100952533 /* CalendarViewController.swift */,
			);
			path = Views;
			sourceTree = "<group>";
		};
		8CFDB38E247CDFFE00952533 /* Frameworks */ = {
			isa = PBXGroup;
			children = (
				ACBA56FA247FEDC500692C57 /* ArchitectureTestSupport.framework */,
				AC5AA348247FD6C7000EA873 /* Timer.framework */,
				B45A50D2247FE69B00D730A8 /* CalendarService.framework */,
				8CE188E8247FD34200FD81C7 /* OtherServices.framework */,
				8CE188E5247FD33D00FD81C7 /* Models.framework */,
				8CE188E1247FD33800FD81C7 /* Assets.framework */,
				8CE188DD247FC5BB00FD81C7 /* Repository.framework */,
				8CFDB38F247CDFFE00952533 /* Architecture.framework */,
				2BE2579A412815787A21827C /* Pods_Calendar.framework */,
				097E62FDCBC7925F4F46B626 /* Pods_Calendar_CalendarTests.framework */,
			);
			name = Frameworks;
			sourceTree = "<group>";
		};
		AC4E25BA247D6AD1004655F6 /* Common */ = {
			isa = PBXGroup;
			children = (
				8CFDB37D247C0E1100952533 /* Views */,
				8CFDB382247C126400952533 /* CalendarReducer.swift */,
				8CFDB386247C127F00952533 /* CalendarAction.swift */,
				8CFDB384247C127300952533 /* CalendarState.swift */,
				8CFDB388247CDBEA00952533 /* CalendarCoordinator.swift */,
				B43AA864247EACB1005867CE /* CalendarItem.swift */,
				B444280024803DE300BAA3EE /* Constants.swift */,
			);
			path = Common;
			sourceTree = "<group>";
		};
		AC4E25BB247D6CB7004655F6 /* CalendarDay */ = {
			isa = PBXGroup;
			children = (
				AC4E25CA247D6CD4004655F6 /* Views */,
				AC4E25BC247D6CCA004655F6 /* CalendarDayAction.swift */,
				AC4E25BD247D6CCA004655F6 /* CalendarDayCoordinator.swift */,
				AC4E25BE247D6CCA004655F6 /* CalendarDayFeature.swift */,
				AC4E25BF247D6CCA004655F6 /* CalendarDayReducer.swift */,
				AC4E25C0247D6CCA004655F6 /* CalendarDayState.swift */,
				AC4E25C2247D6CCA004655F6 /* CalendarDaySelector.swift */,
				B43AA866247EB60B005867CE /* CalendarLayoutCalculator.swift */,
			);
			path = CalendarDay;
			sourceTree = "<group>";
		};
		AC4E25CA247D6CD4004655F6 /* Views */ = {
			isa = PBXGroup;
			children = (
				B47397DE248FDB1B00DA8620 /* Cells */,
				AC4E25C1247D6CCA004655F6 /* CalendarDayViewController.swift */,
				B438EE3624893E7200B805A2 /* CalendarDayCollectionViewDataSource.swift */,
				B438EE38248971ED00B805A2 /* CalendarDayCollectionViewLayout.swift */,
			);
			path = Views;
			sourceTree = "<group>";
		};
		ACBA1233248000F0007F939D /* CalendarDayTests */ = {
			isa = PBXGroup;
			children = (
				ACBA12342480010C007F939D /* CalendarDayReducerTests.swift */,
				3448B3DC24850D0F00DB85C9 /* ContextualMenuReducerTests.swift */,
			);
			path = CalendarDayTests;
			sourceTree = "<group>";
		};
		ACBA123624814637007F939D /* Recovered References */ = {
			isa = PBXGroup;
			children = (
				B43AA871247EE4B1005867CE /* Utils.framework */,
				B43AA86E247EE4A5005867CE /* OtherServices.framework */,
			);
			name = "Recovered References";
			sourceTree = "<group>";
		};
		ACBA123724814F39007F939D /* ContextualMenu */ = {
			isa = PBXGroup;
			children = (
				B4A647702488020100A8C434 /* Extensions */,
				ACBA124624814F75007F939D /* Views */,
				ACBA123824814F57007F939D /* ContextualMenuAction.swift */,
				ACBA123924814F57007F939D /* ContextualMenuCoordinator.swift */,
				ACBA123A24814F57007F939D /* ContextualMenuFeature.swift */,
				ACBA123B24814F57007F939D /* ContextualMenuReducer.swift */,
				ACBA123C24814F57007F939D /* ContextualMenuState.swift */,
				ACBA123E24814F57007F939D /* ContextualMenuSelector.swift */,
			);
			path = ContextualMenu;
			sourceTree = "<group>";
		};
		ACBA124624814F75007F939D /* Views */ = {
			isa = PBXGroup;
			children = (
				ACBA123D24814F57007F939D /* ContextualMenuViewController.swift */,
			);
			path = Views;
			sourceTree = "<group>";
		};
		B4697F062486CF5E00A1A375 /* Mocks */ = {
			isa = PBXGroup;
			children = (
				B4697F072486CF5E00A1A375 /* MockCalendarService.swift */,
			);
			path = Mocks;
			sourceTree = "<group>";
		};
		B47397DE248FDB1B00DA8620 /* Cells */ = {
			isa = PBXGroup;
			children = (
				B448912D24851F9C00D144B4 /* CalendarItemCollectionViewCell.swift */,
				B47397DC248FDB1400DA8620 /* HourIndicatorSupplementaryView.swift */,
				B47397E4248FEE4500DA8620 /* EditingHourIndicatorSupplementaryView.swift */,
				B47397E8248FF0BD00DA8620 /* CurrentTimeSupplementaryView.swift */,
			);
			path = Cells;
			sourceTree = "<group>";
		};
		B4A647702488020100A8C434 /* Extensions */ = {
			isa = PBXGroup;
			children = (
				B4A647712488021000A8C434 /* CalendarEvent+Extensions.swift */,
			);
			path = Extensions;
			sourceTree = "<group>";
		};
		B9F09D013D26CAF2AE4D3C69 /* Pods */ = {
			isa = PBXGroup;
			children = (
				071A28E0DB2F7C6A0900BBB4 /* Pods-Calendar.debug.xcconfig */,
				387803EDA935829A817A2A17 /* Pods-Calendar.release.xcconfig */,
				B245BDA31E4B1D8DDC51B9BC /* Pods-Calendar-CalendarTests.debug.xcconfig */,
				BF55096AEEB6FF794B0E44C6 /* Pods-Calendar-CalendarTests.release.xcconfig */,
			);
			name = Pods;
			path = ../../Pods;
			sourceTree = "<group>";
		};
/* End PBXGroup section */

/* Begin PBXHeadersBuildPhase section */
		8CFDB33C247C072600952533 /* Headers */ = {
			isa = PBXHeadersBuildPhase;
			buildActionMask = 2147483647;
			files = (
				8CFDB352247C072600952533 /* Calendar.h in Headers */,
			);
			runOnlyForDeploymentPostprocessing = 0;
		};
/* End PBXHeadersBuildPhase section */

/* Begin PBXNativeTarget section */
		8CFDB340247C072600952533 /* Calendar */ = {
			isa = PBXNativeTarget;
			buildConfigurationList = 8CFDB355247C072600952533 /* Build configuration list for PBXNativeTarget "Calendar" */;
			buildPhases = (
				CF0626F1049AE0797A94CE56 /* [CP] Check Pods Manifest.lock */,
				8CFDB33C247C072600952533 /* Headers */,
				8CFDB33D247C072600952533 /* Sources */,
				8CFDB33E247C072600952533 /* Frameworks */,
				8CFDB33F247C072600952533 /* Resources */,
			);
			buildRules = (
			);
			dependencies = (
			);
			name = Calendar;
			productName = Calendar;
			productReference = 8CFDB341247C072600952533 /* Calendar.framework */;
			productType = "com.apple.product-type.framework";
		};
		8CFDB349247C072600952533 /* CalendarTests */ = {
			isa = PBXNativeTarget;
			buildConfigurationList = 8CFDB358247C072600952533 /* Build configuration list for PBXNativeTarget "CalendarTests" */;
			buildPhases = (
				7ABD0A925312309316720A37 /* [CP] Check Pods Manifest.lock */,
				8CFDB346247C072600952533 /* Sources */,
				8CFDB347247C072600952533 /* Frameworks */,
				8CFDB348247C072600952533 /* Resources */,
				9095FDA75B9E859C6A42802C /* [CP] Embed Pods Frameworks */,
			);
			buildRules = (
			);
			dependencies = (
				8CFDB34D247C072600952533 /* PBXTargetDependency */,
			);
			name = CalendarTests;
			productName = CalendarTests;
			productReference = 8CFDB34A247C072600952533 /* CalendarTests.xctest */;
			productType = "com.apple.product-type.bundle.unit-test";
		};
/* End PBXNativeTarget section */

/* Begin PBXProject section */
		8CFDB338247C072500952533 /* Project object */ = {
			isa = PBXProject;
			attributes = {
				LastSwiftUpdateCheck = 1140;
				LastUpgradeCheck = 1140;
				ORGANIZATIONNAME = "Toggl OUT";
				TargetAttributes = {
					8CFDB340247C072600952533 = {
						CreatedOnToolsVersion = 11.4;
						LastSwiftMigration = 1140;
					};
					8CFDB349247C072600952533 = {
						CreatedOnToolsVersion = 11.4;
						LastSwiftMigration = 1150;
					};
				};
			};
			buildConfigurationList = 8CFDB33B247C072500952533 /* Build configuration list for PBXProject "Calendar" */;
			compatibilityVersion = "Xcode 9.3";
			developmentRegion = en;
			hasScannedForEncodings = 0;
			knownRegions = (
				en,
				Base,
			);
			mainGroup = 8CFDB337247C072500952533;
			productRefGroup = 8CFDB342247C072600952533 /* Products */;
			projectDirPath = "";
			projectRoot = "";
			targets = (
				8CFDB340247C072600952533 /* Calendar */,
				8CFDB349247C072600952533 /* CalendarTests */,
			);
		};
/* End PBXProject section */

/* Begin PBXResourcesBuildPhase section */
		8CFDB33F247C072600952533 /* Resources */ = {
			isa = PBXResourcesBuildPhase;
			buildActionMask = 2147483647;
			files = (
				8CFDB379247C0B7A00952533 /* CalendarTests.debug.xcconfig in Resources */,
				8CFDB375247C0B7A00952533 /* CalendarTests-Shared.xcconfig in Resources */,
				8CFDB378247C0B7A00952533 /* Calendar.debug.xcconfig in Resources */,
				8CFDB37B247C0B7A00952533 /* Calendar-Shared.xcconfig in Resources */,
				8CFDB37A247C0B7A00952533 /* Project.debug.xcconfig in Resources */,
				8CFDB37C247C0B7A00952533 /* Project.release.xcconfig in Resources */,
				8CFDB376247C0B7A00952533 /* CalendarTests.release.xcconfig in Resources */,
				8CFDB377247C0B7A00952533 /* Calendar.release.xcconfig in Resources */,
			);
			runOnlyForDeploymentPostprocessing = 0;
		};
		8CFDB348247C072600952533 /* Resources */ = {
			isa = PBXResourcesBuildPhase;
			buildActionMask = 2147483647;
			files = (
			);
			runOnlyForDeploymentPostprocessing = 0;
		};
/* End PBXResourcesBuildPhase section */

/* Begin PBXShellScriptBuildPhase section */
		7ABD0A925312309316720A37 /* [CP] Check Pods Manifest.lock */ = {
			isa = PBXShellScriptBuildPhase;
			buildActionMask = 2147483647;
			files = (
			);
			inputFileListPaths = (
			);
			inputPaths = (
				"${PODS_PODFILE_DIR_PATH}/Podfile.lock",
				"${PODS_ROOT}/Manifest.lock",
			);
			name = "[CP] Check Pods Manifest.lock";
			outputFileListPaths = (
			);
			outputPaths = (
				"$(DERIVED_FILE_DIR)/Pods-Calendar-CalendarTests-checkManifestLockResult.txt",
			);
			runOnlyForDeploymentPostprocessing = 0;
			shellPath = /bin/sh;
			shellScript = "diff \"${PODS_PODFILE_DIR_PATH}/Podfile.lock\" \"${PODS_ROOT}/Manifest.lock\" > /dev/null\nif [ $? != 0 ] ; then\n    # print error to STDERR\n    echo \"error: The sandbox is not in sync with the Podfile.lock. Run 'pod install' or update your CocoaPods installation.\" >&2\n    exit 1\nfi\n# This output is used by Xcode 'outputs' to avoid re-running this script phase.\necho \"SUCCESS\" > \"${SCRIPT_OUTPUT_FILE_0}\"\n";
			showEnvVarsInLog = 0;
		};
		9095FDA75B9E859C6A42802C /* [CP] Embed Pods Frameworks */ = {
			isa = PBXShellScriptBuildPhase;
			buildActionMask = 2147483647;
			files = (
			);
			inputFileListPaths = (
				"${PODS_ROOT}/Target Support Files/Pods-Calendar-CalendarTests/Pods-Calendar-CalendarTests-frameworks-${CONFIGURATION}-input-files.xcfilelist",
			);
			name = "[CP] Embed Pods Frameworks";
			outputFileListPaths = (
				"${PODS_ROOT}/Target Support Files/Pods-Calendar-CalendarTests/Pods-Calendar-CalendarTests-frameworks-${CONFIGURATION}-output-files.xcfilelist",
			);
			runOnlyForDeploymentPostprocessing = 0;
			shellPath = /bin/sh;
			shellScript = "\"${PODS_ROOT}/Target Support Files/Pods-Calendar-CalendarTests/Pods-Calendar-CalendarTests-frameworks.sh\"\n";
			showEnvVarsInLog = 0;
		};
		CF0626F1049AE0797A94CE56 /* [CP] Check Pods Manifest.lock */ = {
			isa = PBXShellScriptBuildPhase;
			buildActionMask = 2147483647;
			files = (
			);
			inputFileListPaths = (
			);
			inputPaths = (
				"${PODS_PODFILE_DIR_PATH}/Podfile.lock",
				"${PODS_ROOT}/Manifest.lock",
			);
			name = "[CP] Check Pods Manifest.lock";
			outputFileListPaths = (
			);
			outputPaths = (
				"$(DERIVED_FILE_DIR)/Pods-Calendar-checkManifestLockResult.txt",
			);
			runOnlyForDeploymentPostprocessing = 0;
			shellPath = /bin/sh;
			shellScript = "diff \"${PODS_PODFILE_DIR_PATH}/Podfile.lock\" \"${PODS_ROOT}/Manifest.lock\" > /dev/null\nif [ $? != 0 ] ; then\n    # print error to STDERR\n    echo \"error: The sandbox is not in sync with the Podfile.lock. Run 'pod install' or update your CocoaPods installation.\" >&2\n    exit 1\nfi\n# This output is used by Xcode 'outputs' to avoid re-running this script phase.\necho \"SUCCESS\" > \"${SCRIPT_OUTPUT_FILE_0}\"\n";
			showEnvVarsInLog = 0;
		};
/* End PBXShellScriptBuildPhase section */

/* Begin PBXSourcesBuildPhase section */
		8CFDB33D247C072600952533 /* Sources */ = {
			isa = PBXSourcesBuildPhase;
			buildActionMask = 2147483647;
			files = (
				B4A647722488021000A8C434 /* CalendarEvent+Extensions.swift in Sources */,
				AC4E25B8247D6A10004655F6 /* CalendarFeature.swift in Sources */,
				B47397DD248FDB1400DA8620 /* HourIndicatorSupplementaryView.swift in Sources */,
				AC4E25C8247D6CCA004655F6 /* CalendarDayViewController.swift in Sources */,
				ACBA124224814F57007F939D /* ContextualMenuReducer.swift in Sources */,
				AC4E25C3247D6CCA004655F6 /* CalendarDayAction.swift in Sources */,
				8CFDB383247C126400952533 /* CalendarReducer.swift in Sources */,
				B47397DF248FDC2700DA8620 /* CalendarItemCollectionViewCell.swift in Sources */,
				AC4E25C4247D6CCA004655F6 /* CalendarDayCoordinator.swift in Sources */,
				B43AA867247EB60B005867CE /* CalendarLayoutCalculator.swift in Sources */,
				8CFDB385247C127300952533 /* CalendarState.swift in Sources */,
				ACBA124024814F57007F939D /* ContextualMenuCoordinator.swift in Sources */,
				AC4E25C9247D6CCA004655F6 /* CalendarDaySelector.swift in Sources */,
				ACBA124424814F57007F939D /* ContextualMenuViewController.swift in Sources */,
				AC4E25C5247D6CCA004655F6 /* CalendarDayFeature.swift in Sources */,
				ACBA124124814F57007F939D /* ContextualMenuFeature.swift in Sources */,
				8CFDB381247C124100952533 /* CalendarViewController.swift in Sources */,
				B438EE3724893E7200B805A2 /* CalendarDayCollectionViewDataSource.swift in Sources */,
				ACBA124524814F57007F939D /* ContextualMenuSelector.swift in Sources */,
				ACBA124324814F57007F939D /* ContextualMenuState.swift in Sources */,
				B47397E5248FEE4500DA8620 /* EditingHourIndicatorSupplementaryView.swift in Sources */,
				AC4E25C7247D6CCA004655F6 /* CalendarDayState.swift in Sources */,
				B43AA865247EACB1005867CE /* CalendarItem.swift in Sources */,
				AC4E25C6247D6CCA004655F6 /* CalendarDayReducer.swift in Sources */,
				B444280124803DE300BAA3EE /* Constants.swift in Sources */,
				B47397E9248FF0BD00DA8620 /* CurrentTimeSupplementaryView.swift in Sources */,
				8CFDB387247C127F00952533 /* CalendarAction.swift in Sources */,
				8CFDB389247CDBEA00952533 /* CalendarCoordinator.swift in Sources */,
				ACBA123F24814F57007F939D /* ContextualMenuAction.swift in Sources */,
				B438EE39248971ED00B805A2 /* CalendarDayCollectionViewLayout.swift in Sources */,
			);
			runOnlyForDeploymentPostprocessing = 0;
		};
		8CFDB346247C072600952533 /* Sources */ = {
			isa = PBXSourcesBuildPhase;
			buildActionMask = 2147483647;
			files = (
				3448B3DD24850D0F00DB85C9 /* ContextualMenuReducerTests.swift in Sources */,
				B4697F092486CFAB00A1A375 /* MockCalendarService.swift in Sources */,
				B43AA877247F0617005867CE /* CalendarDaySelectorTests.swift in Sources */,
				B43AA869247EDDD7005867CE /* CalendarLayoutCalculatorTests.swift in Sources */,
				ACBA12352480010C007F939D /* CalendarDayReducerTests.swift in Sources */,
			);
			runOnlyForDeploymentPostprocessing = 0;
		};
/* End PBXSourcesBuildPhase section */

/* Begin PBXTargetDependency section */
		8CFDB34D247C072600952533 /* PBXTargetDependency */ = {
			isa = PBXTargetDependency;
			target = 8CFDB340247C072600952533 /* Calendar */;
			targetProxy = 8CFDB34C247C072600952533 /* PBXContainerItemProxy */;
		};
/* End PBXTargetDependency section */

/* Begin XCBuildConfiguration section */
		8CFDB353247C072600952533 /* Debug */ = {
			isa = XCBuildConfiguration;
			baseConfigurationReference = 8CFDB372247C0B7A00952533 /* Project.debug.xcconfig */;
			buildSettings = {
			};
			name = Debug;
		};
		8CFDB354247C072600952533 /* Release */ = {
			isa = XCBuildConfiguration;
			baseConfigurationReference = 8CFDB374247C0B7A00952533 /* Project.release.xcconfig */;
			buildSettings = {
			};
			name = Release;
		};
		8CFDB356247C072600952533 /* Debug */ = {
			isa = XCBuildConfiguration;
			baseConfigurationReference = 8CFDB370247C0B7A00952533 /* Calendar.debug.xcconfig */;
			buildSettings = {
			};
			name = Debug;
		};
		8CFDB357247C072600952533 /* Release */ = {
			isa = XCBuildConfiguration;
			baseConfigurationReference = 8CFDB36F247C0B7A00952533 /* Calendar.release.xcconfig */;
			buildSettings = {
			};
			name = Release;
		};
		8CFDB359247C072600952533 /* Debug */ = {
			isa = XCBuildConfiguration;
			baseConfigurationReference = 8CFDB371247C0B7A00952533 /* CalendarTests.debug.xcconfig */;
			buildSettings = {
				CLANG_ENABLE_MODULES = YES;
				LD_RUNPATH_SEARCH_PATHS = (
					"$(inherited)",
					"@executable_path/Frameworks",
					"@loader_path/Frameworks",
				);
				SWIFT_OPTIMIZATION_LEVEL = "-Onone";
				SWIFT_VERSION = 5.0;
			};
			name = Debug;
		};
		8CFDB35A247C072600952533 /* Release */ = {
			isa = XCBuildConfiguration;
			baseConfigurationReference = 8CFDB36E247C0B7A00952533 /* CalendarTests.release.xcconfig */;
			buildSettings = {
				CLANG_ENABLE_MODULES = YES;
				LD_RUNPATH_SEARCH_PATHS = (
					"$(inherited)",
					"@executable_path/Frameworks",
					"@loader_path/Frameworks",
				);
				SWIFT_VERSION = 5.0;
			};
			name = Release;
		};
/* End XCBuildConfiguration section */

/* Begin XCConfigurationList section */
		8CFDB33B247C072500952533 /* Build configuration list for PBXProject "Calendar" */ = {
			isa = XCConfigurationList;
			buildConfigurations = (
				8CFDB353247C072600952533 /* Debug */,
				8CFDB354247C072600952533 /* Release */,
			);
			defaultConfigurationIsVisible = 0;
			defaultConfigurationName = Release;
		};
		8CFDB355247C072600952533 /* Build configuration list for PBXNativeTarget "Calendar" */ = {
			isa = XCConfigurationList;
			buildConfigurations = (
				8CFDB356247C072600952533 /* Debug */,
				8CFDB357247C072600952533 /* Release */,
			);
			defaultConfigurationIsVisible = 0;
			defaultConfigurationName = Release;
		};
		8CFDB358247C072600952533 /* Build configuration list for PBXNativeTarget "CalendarTests" */ = {
			isa = XCConfigurationList;
			buildConfigurations = (
				8CFDB359247C072600952533 /* Debug */,
				8CFDB35A247C072600952533 /* Release */,
			);
			defaultConfigurationIsVisible = 0;
			defaultConfigurationName = Release;
		};
/* End XCConfigurationList section */
	};
	rootObject = 8CFDB338247C072500952533 /* Project object */;
}
